// !$*UTF8*$!
{
	archiveVersion = 1;
	classes = {
	};
	objectVersion = 46;
	objects = {

/* Begin PBXBuildFile section */
		5C1A7BCF1B80996F00BAA12F /* NNURLConnectionTest.m in Sources */ = {isa = PBXBuildFile; fileRef = 5C1A7BCE1B80996F00BAA12F /* NNURLConnectionTest.m */; };
		5C1A7BD01B80996F00BAA12F /* NNLibraries.a in Frameworks */ = {isa = PBXBuildFile; fileRef = 5C0157BC1A4BF3B200F6ECAF /* NNLibraries.a */; };
		5C216E091B67D12900CEBC79 /* NNDisplayImageViewController.xib in Resources */ = {isa = PBXBuildFile; fileRef = 5C216E081B67D12900CEBC79 /* NNDisplayImageViewController.xib */; };
		5C216E0B1B67D19500CEBC79 /* NNUtilities.h in CopyFiles */ = {isa = PBXBuildFile; fileRef = 5CCD5DDE1AB8E67E007E94BF /* NNUtilities.h */; };
		5C216E111B67D19E00CEBC79 /* NNReachabilityManager.h in CopyFiles */ = {isa = PBXBuildFile; fileRef = 5CCD5D801AB8E67E007E94BF /* NNReachabilityManager.h */; };
		5C216E121B67D19E00CEBC79 /* NNReachability.h in CopyFiles */ = {isa = PBXBuildFile; fileRef = 5CCD5D821AB8E67E007E94BF /* NNReachability.h */; };
		5C216E141B67D19E00CEBC79 /* NNLogger.h in CopyFiles */ = {isa = PBXBuildFile; fileRef = 5CCD5DDB1AB8E67E007E94BF /* NNLogger.h */; };
		5C216E151B67D64D00CEBC79 /* NNConstants.h in CopyFiles */ = {isa = PBXBuildFile; fileRef = 5CCD5DE11AB8E67E007E94BF /* NNConstants.h */; };
		5C216E161B67D68100CEBC79 /* NSDate+NNAdditions.h in CopyFiles */ = {isa = PBXBuildFile; fileRef = 5CCD5D941AB8E67E007E94BF /* NSDate+NNAdditions.h */; };
		5C37E9EF1B830E30001B80D6 /* NNURLConstants.m in Sources */ = {isa = PBXBuildFile; fileRef = 5C37E9EE1B830E30001B80D6 /* NNURLConstants.m */; };
		5C37E9F21B830FE2001B80D6 /* NNURLRequestSerializer.m in Sources */ = {isa = PBXBuildFile; fileRef = 5C37E9F11B830FE2001B80D6 /* NNURLRequestSerializer.m */; };
		5C37E9F31B8311B7001B80D6 /* NNURLRequestSerializer.h in CopyFiles */ = {isa = PBXBuildFile; fileRef = 5C37E9F01B830FE2001B80D6 /* NNURLRequestSerializer.h */; };
		5C37E9F61B8312F4001B80D6 /* NNURLResponseSerializer.m in Sources */ = {isa = PBXBuildFile; fileRef = 5C37E9F51B8312F4001B80D6 /* NNURLResponseSerializer.m */; };
		5C37E9F71B83167F001B80D6 /* NNURLResponseSerializer.h in CopyFiles */ = {isa = PBXBuildFile; fileRef = 5C37E9F41B8312F4001B80D6 /* NNURLResponseSerializer.h */; };
		5C93DEEB1B80780B0074D62A /* NNURLConnection.m in Sources */ = {isa = PBXBuildFile; fileRef = 5C93DEEA1B80780B0074D62A /* NNURLConnection.m */; };
		5CACCDB51B81E181009E343C /* NNURLConnection.h in CopyFiles */ = {isa = PBXBuildFile; fileRef = 5C93DEE91B80780B0074D62A /* NNURLConnection.h */; };
		5CACCDBF1B81E886009E343C /* NNURLConnectionManager.m in Sources */ = {isa = PBXBuildFile; fileRef = 5CACCDBE1B81E886009E343C /* NNURLConnectionManager.m */; };
		5CACCDC01B81E972009E343C /* NNURLConnectionManager.h in CopyFiles */ = {isa = PBXBuildFile; fileRef = 5CACCDBD1B81E886009E343C /* NNURLConnectionManager.h */; };
		5CB1100E1B8C8EBC002B3E00 /* NNJSONUtilitiesTests.m in Sources */ = {isa = PBXBuildFile; fileRef = 5CB1100D1B8C8EBC002B3E00 /* NNJSONUtilitiesTests.m */; };
		5CDAC51B1B831A84003A115B /* NNURLConstants.h in CopyFiles */ = {isa = PBXBuildFile; fileRef = 5C37E9ED1B830E30001B80D6 /* NNURLConstants.h */; };
		5CEB28971B67CDBC004A809C /* NNConstants.m in Sources */ = {isa = PBXBuildFile; fileRef = 5CECB13D1AFC10810001785F /* NNConstants.m */; };
		5CEB28981B67CDBC004A809C /* UIDevice+NNAdditions.m in Sources */ = {isa = PBXBuildFile; fileRef = 5CCE34CC1B5B919700B79117 /* UIDevice+NNAdditions.m */; };
		5CEB28B61B67CDBC004A809C /* NSDictionary+NNAdditions.m in Sources */ = {isa = PBXBuildFile; fileRef = 5C8214AD1B5FD0A3003DFF04 /* NSDictionary+NNAdditions.m */; };
		5CEB28B71B67CDBC004A809C /* NSArray+NNAdditions.m in Sources */ = {isa = PBXBuildFile; fileRef = 5C8214A41B5FCC28003DFF04 /* NSArray+NNAdditions.m */; };
		5CEB28B81B67CDBC004A809C /* NSError+NNAdditions.m in Sources */ = {isa = PBXBuildFile; fileRef = 5CCE34B21B57D28A00B79117 /* NSError+NNAdditions.m */; };
		5CEB28B91B67CDBC004A809C /* NSObject+NNAdditions.m in Sources */ = {isa = PBXBuildFile; fileRef = 5C86B9961B26343700E0C92C /* NSObject+NNAdditions.m */; };
		5CEB28BA1B67CDBC004A809C /* NSURL+NNAddtions.m in Sources */ = {isa = PBXBuildFile; fileRef = 5C3537071AE2A0E40009773B /* NSURL+NNAddtions.m */; };
		5CEB28BB1B67CDBC004A809C /* NSData+NNSecurity.m in Sources */ = {isa = PBXBuildFile; fileRef = 5C8E69B21ABFE61D00717C19 /* NSData+NNSecurity.m */; };
		5CEB28BD1B67CDBC004A809C /* NSDate+NNAdditions.m in Sources */ = {isa = PBXBuildFile; fileRef = 5CCD5D951AB8E67E007E94BF /* NSDate+NNAdditions.m */; };
		5CEB28BE1B67CDBC004A809C /* NSString+NNAdditions.m in Sources */ = {isa = PBXBuildFile; fileRef = 5CCD5D981AB8E67E007E94BF /* NSString+NNAdditions.m */; };
		5CEB28C31B67CDBC004A809C /* NNReachabilityManager.m in Sources */ = {isa = PBXBuildFile; fileRef = 5CCD5D811AB8E67E007E94BF /* NNReachabilityManager.m */; };
		5CEB28C41B67CDBC004A809C /* NNReachability.m in Sources */ = {isa = PBXBuildFile; fileRef = 5CCD5D831AB8E67E007E94BF /* NNReachability.m */; };
		5CEB28C51B67CDBC004A809C /* NNSecurity.m in Sources */ = {isa = PBXBuildFile; fileRef = 5CCD5D861AB8E67E007E94BF /* NNSecurity.m */; };
		5CEB28C91B67CDBD004A809C /* NNAsyncRequest.m in Sources */ = {isa = PBXBuildFile; fileRef = 5CCD5D901AB8E67E007E94BF /* NNAsyncRequest.m */; };
		5CEB28CA1B67CDBD004A809C /* NNJSONUtilities.m in Sources */ = {isa = PBXBuildFile; fileRef = 5CCE34AB1B57C2AF00B79117 /* NNJSONUtilities.m */; };
		5CEB28CB1B67CDBD004A809C /* NNLogger.m in Sources */ = {isa = PBXBuildFile; fileRef = 5CCD5DDC1AB8E67E007E94BF /* NNLogger.m */; };
		5CEB28CC1B67CDBD004A809C /* NNUtilities.m in Sources */ = {isa = PBXBuildFile; fileRef = 5CCD5DDF1AB8E67E007E94BF /* NNUtilities.m */; };
		5CEB28EB1B67CFE0004A809C /* NNAutocompleteViewController.xib in Resources */ = {isa = PBXBuildFile; fileRef = 5CCD5DE91AB8E67E007E94BF /* NNAutocompleteViewController.xib */; };
		5CEB28EC1B67CFE7004A809C /* NNLibraries-info.plist in Resources */ = {isa = PBXBuildFile; fileRef = 5CCD5DE71AB8E67E007E94BF /* NNLibraries-info.plist */; };
		5CEB28F01B67D016004A809C /* NNLibrariesEssentials.h in CopyFiles */ = {isa = PBXBuildFile; fileRef = 5CCD5DE31AB8E67E007E94BF /* NNLibrariesEssentials.h */; };
		5CEB28F31B67D016004A809C /* UIDevice+NNAdditions.h in CopyFiles */ = {isa = PBXBuildFile; fileRef = 5CCE34CB1B5B919700B79117 /* UIDevice+NNAdditions.h */; };
		5CEB290C1B67D016004A809C /* NSDictionary+NNAdditions.h in CopyFiles */ = {isa = PBXBuildFile; fileRef = 5C8214AC1B5FD0A3003DFF04 /* NSDictionary+NNAdditions.h */; };
		5CEB290D1B67D016004A809C /* NSArray+NNAdditions.h in CopyFiles */ = {isa = PBXBuildFile; fileRef = 5C8214A31B5FCC28003DFF04 /* NSArray+NNAdditions.h */; };
		5CEB290E1B67D016004A809C /* NSError+NNAdditions.h in CopyFiles */ = {isa = PBXBuildFile; fileRef = 5CCE34B11B57D28A00B79117 /* NSError+NNAdditions.h */; };
		5CEB290F1B67D016004A809C /* NSObject+NNAdditions.h in CopyFiles */ = {isa = PBXBuildFile; fileRef = 5C86B9951B26343700E0C92C /* NSObject+NNAdditions.h */; };
		5CEB29101B67D016004A809C /* NSURL+NNAddtions.h in CopyFiles */ = {isa = PBXBuildFile; fileRef = 5C3537061AE2A0E40009773B /* NSURL+NNAddtions.h */; };
		5CEB29111B67D016004A809C /* NSData+NNSecurity.h in CopyFiles */ = {isa = PBXBuildFile; fileRef = 5C8E69B11ABFE61D00717C19 /* NSData+NNSecurity.h */; };
		5CEB29131B67D016004A809C /* NSString+NNAdditions.h in CopyFiles */ = {isa = PBXBuildFile; fileRef = 5CCD5D971AB8E67E007E94BF /* NSString+NNAdditions.h */; };
		5CEB29171B67D016004A809C /* NNSecurity.h in CopyFiles */ = {isa = PBXBuildFile; fileRef = 5CCD5D851AB8E67E007E94BF /* NNSecurity.h */; };
		5CEB29181B67D016004A809C /* NNAsyncRequest.h in CopyFiles */ = {isa = PBXBuildFile; fileRef = 5CCD5D8F1AB8E67E007E94BF /* NNAsyncRequest.h */; };
		5CEB29191B67D016004A809C /* NNSelectable.h in CopyFiles */ = {isa = PBXBuildFile; fileRef = 5CCD5D9A1AB8E67E007E94BF /* NNSelectable.h */; };
		5CEB291A1B67D016004A809C /* NNJSONObject.h in CopyFiles */ = {isa = PBXBuildFile; fileRef = 5C99FB321ABC5C42008C0E01 /* NNJSONObject.h */; };
		5CEB291B1B67D016004A809C /* NNJSONUtilities.h in CopyFiles */ = {isa = PBXBuildFile; fileRef = 5CCE34AA1B57C2AF00B79117 /* NNJSONUtilities.h */; };
		5CF08BB81C26F6EC00A85493 /* NSData+NNAdditions.m in Sources */ = {isa = PBXBuildFile; fileRef = 5CF08BB71C26F6EC00A85493 /* NSData+NNAdditions.m */; };
		5CF08BBA1C26F71B00A85493 /* NSData+NNAdditions.h in CopyFiles */ = {isa = PBXBuildFile; fileRef = 5CF08BB61C26F6EC00A85493 /* NSData+NNAdditions.h */; };
		5CF08BBE1C26F76400A85493 /* NNUICKeyChainStore.m in Sources */ = {isa = PBXBuildFile; fileRef = 5CF08BBD1C26F76400A85493 /* NNUICKeyChainStore.m */; };
		5CF08BC01C26F76D00A85493 /* NNUICKeyChainStore.h in CopyFiles */ = {isa = PBXBuildFile; fileRef = 5CF08BBC1C26F76400A85493 /* NNUICKeyChainStore.h */; };
		5CFCB19C1B89C9F40061E2EF /* NNJSONObject.m in Sources */ = {isa = PBXBuildFile; fileRef = 5CFCB19B1B89C9F40061E2EF /* NNJSONObject.m */; };
/* End PBXBuildFile section */

/* Begin PBXContainerItemProxy section */
		5C1A7BD11B80996F00BAA12F /* PBXContainerItemProxy */ = {
			isa = PBXContainerItemProxy;
			containerPortal = 5CE461671A4459780027FF22 /* Project object */;
			proxyType = 1;
			remoteGlobalIDString = 5C0157BB1A4BF3B200F6ECAF;
			remoteInfo = NNLibraries;
		};
/* End PBXContainerItemProxy section */

/* Begin PBXCopyFilesBuildPhase section */
		5CEB28EE1B67CFFB004A809C /* CopyFiles */ = {
			isa = PBXCopyFilesBuildPhase;
			buildActionMask = 2147483647;
			dstPath = "include/${PRODUCT_NAME}";
			dstSubfolderSpec = 16;
			files = (
				5CF08BC01C26F76D00A85493 /* NNUICKeyChainStore.h in CopyFiles */,
				5CACCDC01B81E972009E343C /* NNURLConnectionManager.h in CopyFiles */,
				5C37E9F71B83167F001B80D6 /* NNURLResponseSerializer.h in CopyFiles */,
				5C37E9F31B8311B7001B80D6 /* NNURLRequestSerializer.h in CopyFiles */,
				5CDAC51B1B831A84003A115B /* NNURLConstants.h in CopyFiles */,
				5CEB29101B67D016004A809C /* NSURL+NNAddtions.h in CopyFiles */,
				5CACCDB51B81E181009E343C /* NNURLConnection.h in CopyFiles */,
				5C216E161B67D68100CEBC79 /* NSDate+NNAdditions.h in CopyFiles */,
				5C216E151B67D64D00CEBC79 /* NNConstants.h in CopyFiles */,
				5CF08BBA1C26F71B00A85493 /* NSData+NNAdditions.h in CopyFiles */,
				5C216E111B67D19E00CEBC79 /* NNReachabilityManager.h in CopyFiles */,
				5C216E121B67D19E00CEBC79 /* NNReachability.h in CopyFiles */,
				5C216E141B67D19E00CEBC79 /* NNLogger.h in CopyFiles */,
				5C216E0B1B67D19500CEBC79 /* NNUtilities.h in CopyFiles */,
				5CEB28F01B67D016004A809C /* NNLibrariesEssentials.h in CopyFiles */,
				5CEB28F31B67D016004A809C /* UIDevice+NNAdditions.h in CopyFiles */,
				5CEB290C1B67D016004A809C /* NSDictionary+NNAdditions.h in CopyFiles */,
				5CEB290D1B67D016004A809C /* NSArray+NNAdditions.h in CopyFiles */,
				5CEB290E1B67D016004A809C /* NSError+NNAdditions.h in CopyFiles */,
				5CEB290F1B67D016004A809C /* NSObject+NNAdditions.h in CopyFiles */,
				5CEB29111B67D016004A809C /* NSData+NNSecurity.h in CopyFiles */,
				5CEB29131B67D016004A809C /* NSString+NNAdditions.h in CopyFiles */,
				5CEB29171B67D016004A809C /* NNSecurity.h in CopyFiles */,
				5CEB29181B67D016004A809C /* NNAsyncRequest.h in CopyFiles */,
				5CEB29191B67D016004A809C /* NNSelectable.h in CopyFiles */,
				5CEB291A1B67D016004A809C /* NNJSONObject.h in CopyFiles */,
				5CEB291B1B67D016004A809C /* NNJSONUtilities.h in CopyFiles */,
			);
			runOnlyForDeploymentPostprocessing = 0;
		};
/* End PBXCopyFilesBuildPhase section */

/* Begin PBXFileReference section */
		5C0157BC1A4BF3B200F6ECAF /* NNLibraries.a */ = {isa = PBXFileReference; explicitFileType = archive.ar; includeInIndex = 0; path = NNLibraries.a; sourceTree = BUILT_PRODUCTS_DIR; };
		5C1A7BCA1B80996F00BAA12F /* NNLibrariesTests.xctest */ = {isa = PBXFileReference; explicitFileType = wrapper.cfbundle; includeInIndex = 0; path = NNLibrariesTests.xctest; sourceTree = BUILT_PRODUCTS_DIR; };
		5C1A7BCD1B80996F00BAA12F /* Info.plist */ = {isa = PBXFileReference; lastKnownFileType = text.plist.xml; path = Info.plist; sourceTree = "<group>"; };
		5C1A7BCE1B80996F00BAA12F /* NNURLConnectionTest.m */ = {isa = PBXFileReference; lastKnownFileType = sourcecode.c.objc; path = NNURLConnectionTest.m; sourceTree = "<group>"; };
		5C216E081B67D12900CEBC79 /* NNDisplayImageViewController.xib */ = {isa = PBXFileReference; fileEncoding = 4; lastKnownFileType = file.xib; name = NNDisplayImageViewController.xib; path = Resources/NNDisplayImageViewController.xib; sourceTree = SOURCE_ROOT; };
		5C3537061AE2A0E40009773B /* NSURL+NNAddtions.h */ = {isa = PBXFileReference; fileEncoding = 4; lastKnownFileType = sourcecode.c.h; name = "NSURL+NNAddtions.h"; path = "NSURL/NSURL+NNAddtions.h"; sourceTree = "<group>"; };
		5C3537071AE2A0E40009773B /* NSURL+NNAddtions.m */ = {isa = PBXFileReference; fileEncoding = 4; lastKnownFileType = sourcecode.c.objc; name = "NSURL+NNAddtions.m"; path = "NSURL/NSURL+NNAddtions.m"; sourceTree = "<group>"; };
		5C37E9ED1B830E30001B80D6 /* NNURLConstants.h */ = {isa = PBXFileReference; fileEncoding = 4; lastKnownFileType = sourcecode.c.h; name = NNURLConstants.h; path = NNRequestConstants/NNURLConstants.h; sourceTree = "<group>"; };
		5C37E9EE1B830E30001B80D6 /* NNURLConstants.m */ = {isa = PBXFileReference; fileEncoding = 4; lastKnownFileType = sourcecode.c.objc; name = NNURLConstants.m; path = NNRequestConstants/NNURLConstants.m; sourceTree = "<group>"; };
		5C37E9F01B830FE2001B80D6 /* NNURLRequestSerializer.h */ = {isa = PBXFileReference; fileEncoding = 4; lastKnownFileType = sourcecode.c.h; name = NNURLRequestSerializer.h; path = NNURLRequestSerializer/NNURLRequestSerializer.h; sourceTree = "<group>"; };
		5C37E9F11B830FE2001B80D6 /* NNURLRequestSerializer.m */ = {isa = PBXFileReference; fileEncoding = 4; lastKnownFileType = sourcecode.c.objc; name = NNURLRequestSerializer.m; path = NNURLRequestSerializer/NNURLRequestSerializer.m; sourceTree = "<group>"; };
		5C37E9F41B8312F4001B80D6 /* NNURLResponseSerializer.h */ = {isa = PBXFileReference; fileEncoding = 4; lastKnownFileType = sourcecode.c.h; name = NNURLResponseSerializer.h; path = NNURLResponseSerializer/NNURLResponseSerializer.h; sourceTree = "<group>"; };
		5C37E9F51B8312F4001B80D6 /* NNURLResponseSerializer.m */ = {isa = PBXFileReference; fileEncoding = 4; lastKnownFileType = sourcecode.c.objc; name = NNURLResponseSerializer.m; path = NNURLResponseSerializer/NNURLResponseSerializer.m; sourceTree = "<group>"; };
		5C8214A31B5FCC28003DFF04 /* NSArray+NNAdditions.h */ = {isa = PBXFileReference; fileEncoding = 4; lastKnownFileType = sourcecode.c.h; name = "NSArray+NNAdditions.h"; path = "NSArray/NSArray+NNAdditions.h"; sourceTree = "<group>"; };
		5C8214A41B5FCC28003DFF04 /* NSArray+NNAdditions.m */ = {isa = PBXFileReference; fileEncoding = 4; lastKnownFileType = sourcecode.c.objc; name = "NSArray+NNAdditions.m"; path = "NSArray/NSArray+NNAdditions.m"; sourceTree = "<group>"; };
		5C8214AC1B5FD0A3003DFF04 /* NSDictionary+NNAdditions.h */ = {isa = PBXFileReference; fileEncoding = 4; lastKnownFileType = sourcecode.c.h; name = "NSDictionary+NNAdditions.h"; path = "NSDictionary/NSDictionary+NNAdditions.h"; sourceTree = "<group>"; };
		5C8214AD1B5FD0A3003DFF04 /* NSDictionary+NNAdditions.m */ = {isa = PBXFileReference; fileEncoding = 4; lastKnownFileType = sourcecode.c.objc; name = "NSDictionary+NNAdditions.m"; path = "NSDictionary/NSDictionary+NNAdditions.m"; sourceTree = "<group>"; };
		5C86B9951B26343700E0C92C /* NSObject+NNAdditions.h */ = {isa = PBXFileReference; fileEncoding = 4; lastKnownFileType = sourcecode.c.h; name = "NSObject+NNAdditions.h"; path = "NSObject/NSObject+NNAdditions.h"; sourceTree = "<group>"; };
		5C86B9961B26343700E0C92C /* NSObject+NNAdditions.m */ = {isa = PBXFileReference; fileEncoding = 4; lastKnownFileType = sourcecode.c.objc; name = "NSObject+NNAdditions.m"; path = "NSObject/NSObject+NNAdditions.m"; sourceTree = "<group>"; };
		5C8E69B11ABFE61D00717C19 /* NSData+NNSecurity.h */ = {isa = PBXFileReference; fileEncoding = 4; lastKnownFileType = sourcecode.c.h; name = "NSData+NNSecurity.h"; path = "NSData/NSData+NNSecurity.h"; sourceTree = "<group>"; };
		5C8E69B21ABFE61D00717C19 /* NSData+NNSecurity.m */ = {isa = PBXFileReference; fileEncoding = 4; lastKnownFileType = sourcecode.c.objc; name = "NSData+NNSecurity.m"; path = "NSData/NSData+NNSecurity.m"; sourceTree = "<group>"; };
		5C93DEE91B80780B0074D62A /* NNURLConnection.h */ = {isa = PBXFileReference; fileEncoding = 4; lastKnownFileType = sourcecode.c.h; name = NNURLConnection.h; path = NNURLConnection/NNURLConnection.h; sourceTree = "<group>"; };
		5C93DEEA1B80780B0074D62A /* NNURLConnection.m */ = {isa = PBXFileReference; fileEncoding = 4; lastKnownFileType = sourcecode.c.objc; name = NNURLConnection.m; path = NNURLConnection/NNURLConnection.m; sourceTree = "<group>"; };
		5C99FB321ABC5C42008C0E01 /* NNJSONObject.h */ = {isa = PBXFileReference; fileEncoding = 4; lastKnownFileType = sourcecode.c.h; name = NNJSONObject.h; path = NNJSONObject/NNJSONObject.h; sourceTree = "<group>"; };
		5CACCDBD1B81E886009E343C /* NNURLConnectionManager.h */ = {isa = PBXFileReference; fileEncoding = 4; lastKnownFileType = sourcecode.c.h; name = NNURLConnectionManager.h; path = NNURLConnection/NNURLConnectionManager.h; sourceTree = "<group>"; };
		5CACCDBE1B81E886009E343C /* NNURLConnectionManager.m */ = {isa = PBXFileReference; fileEncoding = 4; lastKnownFileType = sourcecode.c.objc; name = NNURLConnectionManager.m; path = NNURLConnection/NNURLConnectionManager.m; sourceTree = "<group>"; };
		5CB1100D1B8C8EBC002B3E00 /* NNJSONUtilitiesTests.m */ = {isa = PBXFileReference; fileEncoding = 4; lastKnownFileType = sourcecode.c.objc; path = NNJSONUtilitiesTests.m; sourceTree = "<group>"; };
		5CCD5D801AB8E67E007E94BF /* NNReachabilityManager.h */ = {isa = PBXFileReference; fileEncoding = 4; lastKnownFileType = sourcecode.c.h; path = NNReachabilityManager.h; sourceTree = "<group>"; };
		5CCD5D811AB8E67E007E94BF /* NNReachabilityManager.m */ = {isa = PBXFileReference; fileEncoding = 4; lastKnownFileType = sourcecode.c.objc; path = NNReachabilityManager.m; sourceTree = "<group>"; };
		5CCD5D821AB8E67E007E94BF /* NNReachability.h */ = {isa = PBXFileReference; fileEncoding = 4; lastKnownFileType = sourcecode.c.h; path = NNReachability.h; sourceTree = "<group>"; };
		5CCD5D831AB8E67E007E94BF /* NNReachability.m */ = {isa = PBXFileReference; fileEncoding = 4; lastKnownFileType = sourcecode.c.objc; path = NNReachability.m; sourceTree = "<group>"; };
		5CCD5D851AB8E67E007E94BF /* NNSecurity.h */ = {isa = PBXFileReference; fileEncoding = 4; lastKnownFileType = sourcecode.c.h; path = NNSecurity.h; sourceTree = "<group>"; };
		5CCD5D861AB8E67E007E94BF /* NNSecurity.m */ = {isa = PBXFileReference; fileEncoding = 4; lastKnownFileType = sourcecode.c.objc; path = NNSecurity.m; sourceTree = "<group>"; };
		5CCD5D8F1AB8E67E007E94BF /* NNAsyncRequest.h */ = {isa = PBXFileReference; fileEncoding = 4; lastKnownFileType = sourcecode.c.h; path = NNAsyncRequest.h; sourceTree = "<group>"; };
		5CCD5D901AB8E67E007E94BF /* NNAsyncRequest.m */ = {isa = PBXFileReference; fileEncoding = 4; lastKnownFileType = sourcecode.c.objc; path = NNAsyncRequest.m; sourceTree = "<group>"; };
		5CCD5D941AB8E67E007E94BF /* NSDate+NNAdditions.h */ = {isa = PBXFileReference; fileEncoding = 4; lastKnownFileType = sourcecode.c.h; path = "NSDate+NNAdditions.h"; sourceTree = "<group>"; };
		5CCD5D951AB8E67E007E94BF /* NSDate+NNAdditions.m */ = {isa = PBXFileReference; fileEncoding = 4; lastKnownFileType = sourcecode.c.objc; path = "NSDate+NNAdditions.m"; sourceTree = "<group>"; };
		5CCD5D971AB8E67E007E94BF /* NSString+NNAdditions.h */ = {isa = PBXFileReference; fileEncoding = 4; lastKnownFileType = sourcecode.c.h; path = "NSString+NNAdditions.h"; sourceTree = "<group>"; };
		5CCD5D981AB8E67E007E94BF /* NSString+NNAdditions.m */ = {isa = PBXFileReference; fileEncoding = 4; lastKnownFileType = sourcecode.c.objc; path = "NSString+NNAdditions.m"; sourceTree = "<group>"; };
		5CCD5D9A1AB8E67E007E94BF /* NNSelectable.h */ = {isa = PBXFileReference; fileEncoding = 4; lastKnownFileType = sourcecode.c.h; path = NNSelectable.h; sourceTree = "<group>"; };
		5CCD5DDB1AB8E67E007E94BF /* NNLogger.h */ = {isa = PBXFileReference; fileEncoding = 4; lastKnownFileType = sourcecode.c.h; path = NNLogger.h; sourceTree = "<group>"; };
		5CCD5DDC1AB8E67E007E94BF /* NNLogger.m */ = {isa = PBXFileReference; fileEncoding = 4; lastKnownFileType = sourcecode.c.objc; path = NNLogger.m; sourceTree = "<group>"; };
		5CCD5DDE1AB8E67E007E94BF /* NNUtilities.h */ = {isa = PBXFileReference; fileEncoding = 4; lastKnownFileType = sourcecode.c.h; path = NNUtilities.h; sourceTree = "<group>"; };
		5CCD5DDF1AB8E67E007E94BF /* NNUtilities.m */ = {isa = PBXFileReference; fileEncoding = 4; lastKnownFileType = sourcecode.c.objc; path = NNUtilities.m; sourceTree = "<group>"; };
		5CCD5DE11AB8E67E007E94BF /* NNConstants.h */ = {isa = PBXFileReference; fileEncoding = 4; lastKnownFileType = sourcecode.c.h; path = NNConstants.h; sourceTree = "<group>"; };
		5CCD5DE31AB8E67E007E94BF /* NNLibrariesEssentials.h */ = {isa = PBXFileReference; fileEncoding = 4; lastKnownFileType = sourcecode.c.h; path = NNLibrariesEssentials.h; sourceTree = "<group>"; };
		5CCD5DE71AB8E67E007E94BF /* NNLibraries-info.plist */ = {isa = PBXFileReference; fileEncoding = 4; lastKnownFileType = text.plist.xml; path = "NNLibraries-info.plist"; sourceTree = "<group>"; };
		5CCD5DE91AB8E67E007E94BF /* NNAutocompleteViewController.xib */ = {isa = PBXFileReference; fileEncoding = 4; lastKnownFileType = file.xib; path = NNAutocompleteViewController.xib; sourceTree = "<group>"; };
		5CCE34AA1B57C2AF00B79117 /* NNJSONUtilities.h */ = {isa = PBXFileReference; fileEncoding = 4; lastKnownFileType = sourcecode.c.h; name = NNJSONUtilities.h; path = NNJSONUtilities/NNJSONUtilities.h; sourceTree = "<group>"; };
		5CCE34AB1B57C2AF00B79117 /* NNJSONUtilities.m */ = {isa = PBXFileReference; fileEncoding = 4; lastKnownFileType = sourcecode.c.objc; name = NNJSONUtilities.m; path = NNJSONUtilities/NNJSONUtilities.m; sourceTree = "<group>"; };
		5CCE34B11B57D28A00B79117 /* NSError+NNAdditions.h */ = {isa = PBXFileReference; fileEncoding = 4; lastKnownFileType = sourcecode.c.h; name = "NSError+NNAdditions.h"; path = "NSError/NSError+NNAdditions.h"; sourceTree = "<group>"; };
		5CCE34B21B57D28A00B79117 /* NSError+NNAdditions.m */ = {isa = PBXFileReference; fileEncoding = 4; lastKnownFileType = sourcecode.c.objc; name = "NSError+NNAdditions.m"; path = "NSError/NSError+NNAdditions.m"; sourceTree = "<group>"; };
		5CCE34CB1B5B919700B79117 /* UIDevice+NNAdditions.h */ = {isa = PBXFileReference; fileEncoding = 4; lastKnownFileType = sourcecode.c.h; name = "UIDevice+NNAdditions.h"; path = "UIDevice/UIDevice+NNAdditions.h"; sourceTree = "<group>"; };
		5CCE34CC1B5B919700B79117 /* UIDevice+NNAdditions.m */ = {isa = PBXFileReference; fileEncoding = 4; lastKnownFileType = sourcecode.c.objc; name = "UIDevice+NNAdditions.m"; path = "UIDevice/UIDevice+NNAdditions.m"; sourceTree = "<group>"; };
		5CECB13D1AFC10810001785F /* NNConstants.m */ = {isa = PBXFileReference; fileEncoding = 4; lastKnownFileType = sourcecode.c.objc; path = NNConstants.m; sourceTree = "<group>"; };
		5CF08BB61C26F6EC00A85493 /* NSData+NNAdditions.h */ = {isa = PBXFileReference; fileEncoding = 4; lastKnownFileType = sourcecode.c.h; name = "NSData+NNAdditions.h"; path = "NSData/NSData+NNAdditions.h"; sourceTree = "<group>"; };
		5CF08BB71C26F6EC00A85493 /* NSData+NNAdditions.m */ = {isa = PBXFileReference; fileEncoding = 4; lastKnownFileType = sourcecode.c.objc; name = "NSData+NNAdditions.m"; path = "NSData/NSData+NNAdditions.m"; sourceTree = "<group>"; };
		5CF08BBC1C26F76400A85493 /* NNUICKeyChainStore.h */ = {isa = PBXFileReference; fileEncoding = 4; lastKnownFileType = sourcecode.c.h; path = NNUICKeyChainStore.h; sourceTree = "<group>"; };
		5CF08BBD1C26F76400A85493 /* NNUICKeyChainStore.m */ = {isa = PBXFileReference; fileEncoding = 4; lastKnownFileType = sourcecode.c.objc; path = NNUICKeyChainStore.m; sourceTree = "<group>"; };
		5CFCB19B1B89C9F40061E2EF /* NNJSONObject.m */ = {isa = PBXFileReference; fileEncoding = 4; lastKnownFileType = sourcecode.c.objc; name = NNJSONObject.m; path = NNJSONObject/NNJSONObject.m; sourceTree = "<group>"; };
/* End PBXFileReference section */

/* Begin PBXFrameworksBuildPhase section */
		5C0157B91A4BF3B200F6ECAF /* Frameworks */ = {
			isa = PBXFrameworksBuildPhase;
			buildActionMask = 2147483647;
			files = (
			);
			runOnlyForDeploymentPostprocessing = 0;
		};
		5C1A7BC71B80996F00BAA12F /* Frameworks */ = {
			isa = PBXFrameworksBuildPhase;
			buildActionMask = 2147483647;
			files = (
				5C1A7BD01B80996F00BAA12F /* NNLibraries.a in Frameworks */,
			);
			runOnlyForDeploymentPostprocessing = 0;
		};
/* End PBXFrameworksBuildPhase section */

/* Begin PBXGroup section */
		5C1A7BCB1B80996F00BAA12F /* NNLibrariesTests */ = {
			isa = PBXGroup;
			children = (
				5C1A7BCE1B80996F00BAA12F /* NNURLConnectionTest.m */,
				5CB1100D1B8C8EBC002B3E00 /* NNJSONUtilitiesTests.m */,
				5C1A7BCC1B80996F00BAA12F /* Supporting Files */,
			);
			path = NNLibrariesTests;
			sourceTree = "<group>";
		};
		5C1A7BCC1B80996F00BAA12F /* Supporting Files */ = {
			isa = PBXGroup;
			children = (
				5C1A7BCD1B80996F00BAA12F /* Info.plist */,
			);
			name = "Supporting Files";
			sourceTree = "<group>";
		};
		5C3537051AE2A0D10009773B /* NSURL */ = {
			isa = PBXGroup;
			children = (
				5C3537061AE2A0E40009773B /* NSURL+NNAddtions.h */,
				5C3537071AE2A0E40009773B /* NSURL+NNAddtions.m */,
			);
			name = NSURL;
			sourceTree = "<group>";
		};
		5C37E9EB1B830DAF001B80D6 /* Umbrellas */ = {
			isa = PBXGroup;
			children = (
				5CCD5DE31AB8E67E007E94BF /* NNLibrariesEssentials.h */,
			);
			name = Umbrellas;
			sourceTree = "<group>";
		};
		5C37E9EC1B830DFD001B80D6 /* NNRequestConstants */ = {
			isa = PBXGroup;
			children = (
				5C37E9ED1B830E30001B80D6 /* NNURLConstants.h */,
				5C37E9EE1B830E30001B80D6 /* NNURLConstants.m */,
			);
			name = NNRequestConstants;
			sourceTree = "<group>";
		};
		5C8214A21B5FCC11003DFF04 /* NSArray */ = {
			isa = PBXGroup;
			children = (
				5C8214A31B5FCC28003DFF04 /* NSArray+NNAdditions.h */,
				5C8214A41B5FCC28003DFF04 /* NSArray+NNAdditions.m */,
			);
			name = NSArray;
			sourceTree = "<group>";
		};
		5C8214AB1B5FD08C003DFF04 /* NSDictionary */ = {
			isa = PBXGroup;
			children = (
				5C8214AC1B5FD0A3003DFF04 /* NSDictionary+NNAdditions.h */,
				5C8214AD1B5FD0A3003DFF04 /* NSDictionary+NNAdditions.m */,
			);
			name = NSDictionary;
			sourceTree = "<group>";
		};
		5C86B9941B26341F00E0C92C /* NSObject */ = {
			isa = PBXGroup;
			children = (
				5C86B9951B26343700E0C92C /* NSObject+NNAdditions.h */,
				5C86B9961B26343700E0C92C /* NSObject+NNAdditions.m */,
			);
			name = NSObject;
			sourceTree = "<group>";
		};
		5C8E69B01ABFE5FE00717C19 /* NSData */ = {
			isa = PBXGroup;
			children = (
				5CF08BB61C26F6EC00A85493 /* NSData+NNAdditions.h */,
				5CF08BB71C26F6EC00A85493 /* NSData+NNAdditions.m */,
				5C8E69B11ABFE61D00717C19 /* NSData+NNSecurity.h */,
				5C8E69B21ABFE61D00717C19 /* NSData+NNSecurity.m */,
			);
			name = NSData;
			sourceTree = "<group>";
		};
		5C93DEEC1B80780F0074D62A /* NNURLConnection */ = {
			isa = PBXGroup;
			children = (
				5C93DEE91B80780B0074D62A /* NNURLConnection.h */,
				5C93DEEA1B80780B0074D62A /* NNURLConnection.m */,
				5CACCDBD1B81E886009E343C /* NNURLConnectionManager.h */,
				5CACCDBE1B81E886009E343C /* NNURLConnectionManager.m */,
			);
			name = NNURLConnection;
			sourceTree = "<group>";
		};
		5CB10FEC1B89EBBC002B3E00 /* Request Serialization */ = {
			isa = PBXGroup;
			children = (
				5C37E9F01B830FE2001B80D6 /* NNURLRequestSerializer.h */,
				5C37E9F11B830FE2001B80D6 /* NNURLRequestSerializer.m */,
			);
			name = "Request Serialization";
			sourceTree = "<group>";
		};
		5CB10FED1B89EBC8002B3E00 /* Response Serailization */ = {
			isa = PBXGroup;
			children = (
				5C37E9F41B8312F4001B80D6 /* NNURLResponseSerializer.h */,
				5C37E9F51B8312F4001B80D6 /* NNURLResponseSerializer.m */,
			);
			name = "Response Serailization";
			sourceTree = "<group>";
		};
		5CCD5D721AB8E67E007E94BF /* Classes */ = {
			isa = PBXGroup;
			children = (
				5CCD5D9B1AB8E67E007E94BF /* UIKit */,
				5CCD5D911AB8E67E007E94BF /* NSFoundation */,
				5CCD5D731AB8E67E007E94BF /* Frameworks */,
				5CCD5D8D1AB8E67E007E94BF /* Networking */,
				5CCD5D991AB8E67E007E94BF /* Protocols */,
				5CCD5DD91AB8E67E007E94BF /* Utilities */,
			);
			path = Classes;
			sourceTree = "<group>";
		};
		5CCD5D731AB8E67E007E94BF /* Frameworks */ = {
			isa = PBXGroup;
			children = (
				5CFCB19A1B89C9BC0061E2EF /* NNJSONObject */,
				5CCD5D7F1AB8E67E007E94BF /* NNReachability */,
				5CCD5D841AB8E67E007E94BF /* NNSecurity */,
			);
			path = Frameworks;
			sourceTree = "<group>";
		};
		5CCD5D7F1AB8E67E007E94BF /* NNReachability */ = {
			isa = PBXGroup;
			children = (
				5CCD5D801AB8E67E007E94BF /* NNReachabilityManager.h */,
				5CCD5D811AB8E67E007E94BF /* NNReachabilityManager.m */,
				5CCD5D821AB8E67E007E94BF /* NNReachability.h */,
				5CCD5D831AB8E67E007E94BF /* NNReachability.m */,
			);
			path = NNReachability;
			sourceTree = "<group>";
		};
		5CCD5D841AB8E67E007E94BF /* NNSecurity */ = {
			isa = PBXGroup;
			children = (
				5CCD5D851AB8E67E007E94BF /* NNSecurity.h */,
				5CCD5D861AB8E67E007E94BF /* NNSecurity.m */,
			);
			path = NNSecurity;
			sourceTree = "<group>";
		};
		5CCD5D8D1AB8E67E007E94BF /* Networking */ = {
			isa = PBXGroup;
			children = (
				5C37E9EC1B830DFD001B80D6 /* NNRequestConstants */,
				5CB10FED1B89EBC8002B3E00 /* Response Serailization */,
				5CB10FEC1B89EBBC002B3E00 /* Request Serialization */,
				5CCD5D8E1AB8E67E007E94BF /* NNAsyncRequest */,
				5C93DEEC1B80780F0074D62A /* NNURLConnection */,
			);
			path = Networking;
			sourceTree = "<group>";
		};
		5CCD5D8E1AB8E67E007E94BF /* NNAsyncRequest */ = {
			isa = PBXGroup;
			children = (
				5CCD5D8F1AB8E67E007E94BF /* NNAsyncRequest.h */,
				5CCD5D901AB8E67E007E94BF /* NNAsyncRequest.m */,
			);
			path = NNAsyncRequest;
			sourceTree = "<group>";
		};
		5CCD5D911AB8E67E007E94BF /* NSFoundation */ = {
			isa = PBXGroup;
			children = (
				5CCD5D921AB8E67E007E94BF /* Categories */,
			);
			path = NSFoundation;
			sourceTree = "<group>";
		};
		5CCD5D921AB8E67E007E94BF /* Categories */ = {
			isa = PBXGroup;
			children = (
				5C8214AB1B5FD08C003DFF04 /* NSDictionary */,
				5C8214A21B5FCC11003DFF04 /* NSArray */,
				5CCE34B01B57D26800B79117 /* NSError */,
				5C86B9941B26341F00E0C92C /* NSObject */,
				5C3537051AE2A0D10009773B /* NSURL */,
				5C8E69B01ABFE5FE00717C19 /* NSData */,
				5CCD5D931AB8E67E007E94BF /* NSDate */,
				5CCD5D961AB8E67E007E94BF /* NSString */,
			);
			path = Categories;
			sourceTree = "<group>";
		};
		5CCD5D931AB8E67E007E94BF /* NSDate */ = {
			isa = PBXGroup;
			children = (
				5CCD5D941AB8E67E007E94BF /* NSDate+NNAdditions.h */,
				5CCD5D951AB8E67E007E94BF /* NSDate+NNAdditions.m */,
			);
			path = NSDate;
			sourceTree = "<group>";
		};
		5CCD5D961AB8E67E007E94BF /* NSString */ = {
			isa = PBXGroup;
			children = (
				5CCD5D971AB8E67E007E94BF /* NSString+NNAdditions.h */,
				5CCD5D981AB8E67E007E94BF /* NSString+NNAdditions.m */,
			);
			path = NSString;
			sourceTree = "<group>";
		};
		5CCD5D991AB8E67E007E94BF /* Protocols */ = {
			isa = PBXGroup;
			children = (
				5CCD5D9A1AB8E67E007E94BF /* NNSelectable.h */,
			);
			path = Protocols;
			sourceTree = "<group>";
		};
		5CCD5D9B1AB8E67E007E94BF /* UIKit */ = {
			isa = PBXGroup;
			children = (
				5CCD5D9C1AB8E67E007E94BF /* Categories */,
			);
			path = UIKit;
			sourceTree = "<group>";
		};
		5CCD5D9C1AB8E67E007E94BF /* Categories */ = {
			isa = PBXGroup;
			children = (
				5CCE34CA1B5B917E00B79117 /* UIDevice */,
			);
			path = Categories;
			sourceTree = "<group>";
		};
		5CCD5DD91AB8E67E007E94BF /* Utilities */ = {
			isa = PBXGroup;
			children = (
				5CCE34A91B57C29A00B79117 /* NNJSONUtilities */,
				5CCD5DDA1AB8E67E007E94BF /* NNLogger */,
				5CCD5DDD1AB8E67E007E94BF /* NNUtilities */,
			);
			path = Utilities;
			sourceTree = "<group>";
		};
		5CCD5DDA1AB8E67E007E94BF /* NNLogger */ = {
			isa = PBXGroup;
			children = (
				5CCD5DDB1AB8E67E007E94BF /* NNLogger.h */,
				5CCD5DDC1AB8E67E007E94BF /* NNLogger.m */,
			);
			path = NNLogger;
			sourceTree = "<group>";
		};
		5CCD5DDD1AB8E67E007E94BF /* NNUtilities */ = {
			isa = PBXGroup;
			children = (
				5CCD5DDE1AB8E67E007E94BF /* NNUtilities.h */,
				5CCD5DDF1AB8E67E007E94BF /* NNUtilities.m */,
			);
			path = NNUtilities;
			sourceTree = "<group>";
		};
		5CCD5DE01AB8E67E007E94BF /* NNLibraries */ = {
			isa = PBXGroup;
			children = (
				5C37E9EB1B830DAF001B80D6 /* Umbrellas */,
				5CCE34AD1B57D21C00B79117 /* Constants */,
			);
			path = NNLibraries;
			sourceTree = "<group>";
		};
		5CCD5DE61AB8E67E007E94BF /* Resources */ = {
			isa = PBXGroup;
			children = (
				5CCD5DE71AB8E67E007E94BF /* NNLibraries-info.plist */,
				5CCD5DE81AB8E67E007E94BF /* XIBs */,
			);
			path = Resources;
			sourceTree = "<group>";
		};
		5CCD5DE81AB8E67E007E94BF /* XIBs */ = {
			isa = PBXGroup;
			children = (
				5C216E081B67D12900CEBC79 /* NNDisplayImageViewController.xib */,
				5CCD5DE91AB8E67E007E94BF /* NNAutocompleteViewController.xib */,
			);
			path = XIBs;
			sourceTree = "<group>";
		};
		5CCD5E0C1AB8E685007E94BF /* ThirdParty */ = {
			isa = PBXGroup;
			children = (
				5CF08BBB1C26F76400A85493 /* NNUICKeyChainStore */,
			);
			path = ThirdParty;
			sourceTree = "<group>";
		};
		5CCE34A91B57C29A00B79117 /* NNJSONUtilities */ = {
			isa = PBXGroup;
			children = (
				5CCE34AA1B57C2AF00B79117 /* NNJSONUtilities.h */,
				5CCE34AB1B57C2AF00B79117 /* NNJSONUtilities.m */,
			);
			name = NNJSONUtilities;
			sourceTree = "<group>";
		};
		5CCE34AD1B57D21C00B79117 /* Constants */ = {
			isa = PBXGroup;
			children = (
				5CCD5DE11AB8E67E007E94BF /* NNConstants.h */,
				5CECB13D1AFC10810001785F /* NNConstants.m */,
			);
			name = Constants;
			sourceTree = "<group>";
		};
		5CCE34B01B57D26800B79117 /* NSError */ = {
			isa = PBXGroup;
			children = (
				5CCE34B11B57D28A00B79117 /* NSError+NNAdditions.h */,
				5CCE34B21B57D28A00B79117 /* NSError+NNAdditions.m */,
			);
			name = NSError;
			sourceTree = "<group>";
		};
		5CCE34CA1B5B917E00B79117 /* UIDevice */ = {
			isa = PBXGroup;
			children = (
				5CCE34CB1B5B919700B79117 /* UIDevice+NNAdditions.h */,
				5CCE34CC1B5B919700B79117 /* UIDevice+NNAdditions.m */,
			);
			name = UIDevice;
			sourceTree = "<group>";
		};
		5CE461661A4459780027FF22 = {
			isa = PBXGroup;
			children = (
				5CCD5DE01AB8E67E007E94BF /* NNLibraries */,
				5CCD5D721AB8E67E007E94BF /* Classes */,
				5CCD5DE61AB8E67E007E94BF /* Resources */,
				5CCD5E0C1AB8E685007E94BF /* ThirdParty */,
				5C1A7BCB1B80996F00BAA12F /* NNLibrariesTests */,
				5CE461701A4459780027FF22 /* Products */,
			);
			sourceTree = "<group>";
		};
		5CE461701A4459780027FF22 /* Products */ = {
			isa = PBXGroup;
			children = (
				5C0157BC1A4BF3B200F6ECAF /* NNLibraries.a */,
				5C1A7BCA1B80996F00BAA12F /* NNLibrariesTests.xctest */,
			);
			name = Products;
			sourceTree = "<group>";
		};
		5CF08BBB1C26F76400A85493 /* NNUICKeyChainStore */ = {
			isa = PBXGroup;
			children = (
				5CF08BBC1C26F76400A85493 /* NNUICKeyChainStore.h */,
				5CF08BBD1C26F76400A85493 /* NNUICKeyChainStore.m */,
			);
			path = NNUICKeyChainStore;
			sourceTree = "<group>";
		};
		5CFCB19A1B89C9BC0061E2EF /* NNJSONObject */ = {
			isa = PBXGroup;
			children = (
				5C99FB321ABC5C42008C0E01 /* NNJSONObject.h */,
				5CFCB19B1B89C9F40061E2EF /* NNJSONObject.m */,
			);
			name = NNJSONObject;
			sourceTree = "<group>";
		};
/* End PBXGroup section */

/* Begin PBXNativeTarget section */
		5C0157BB1A4BF3B200F6ECAF /* NNLibraries */ = {
			isa = PBXNativeTarget;
			buildConfigurationList = 5C0157CD1A4BF3B200F6ECAF /* Build configuration list for PBXNativeTarget "NNLibraries" */;
			buildPhases = (
				5C0157B81A4BF3B200F6ECAF /* Sources */,
				5C0157B91A4BF3B200F6ECAF /* Frameworks */,
				5CEB28E91B67CFCE004A809C /* Resources */,
				5CEB28EE1B67CFFB004A809C /* CopyFiles */,
			);
			buildRules = (
			);
			dependencies = (
			);
			name = NNLibraries;
			productName = NNLibraries;
			productReference = 5C0157BC1A4BF3B200F6ECAF /* NNLibraries.a */;
			productType = "com.apple.product-type.library.static";
		};
		5C1A7BC91B80996F00BAA12F /* NNLibrariesTests */ = {
			isa = PBXNativeTarget;
			buildConfigurationList = 5C1A7BD51B80996F00BAA12F /* Build configuration list for PBXNativeTarget "NNLibrariesTests" */;
			buildPhases = (
				5C1A7BC61B80996F00BAA12F /* Sources */,
				5C1A7BC71B80996F00BAA12F /* Frameworks */,
				5C1A7BC81B80996F00BAA12F /* Resources */,
			);
			buildRules = (
			);
			dependencies = (
				5C1A7BD21B80996F00BAA12F /* PBXTargetDependency */,
			);
			name = NNLibrariesTests;
			productName = NNLibrariesTests;
			productReference = 5C1A7BCA1B80996F00BAA12F /* NNLibrariesTests.xctest */;
			productType = "com.apple.product-type.bundle.unit-test";
		};
/* End PBXNativeTarget section */

/* Begin PBXProject section */
		5CE461671A4459780027FF22 /* Project object */ = {
			isa = PBXProject;
			attributes = {
				LastUpgradeCheck = 0620;
				ORGANIZATIONNAME = natanavra;
				TargetAttributes = {
					5C0157BB1A4BF3B200F6ECAF = {
						CreatedOnToolsVersion = 6.1.1;
					};
					5C1A7BC91B80996F00BAA12F = {
						CreatedOnToolsVersion = 6.4;
					};
				};
			};
			buildConfigurationList = 5CE4616A1A4459780027FF22 /* Build configuration list for PBXProject "NNLibraries" */;
			compatibilityVersion = "Xcode 3.2";
			developmentRegion = English;
			hasScannedForEncodings = 0;
			knownRegions = (
				en,
			);
			mainGroup = 5CE461661A4459780027FF22;
			productRefGroup = 5CE461701A4459780027FF22 /* Products */;
			projectDirPath = "";
			projectRoot = "";
			targets = (
				5C0157BB1A4BF3B200F6ECAF /* NNLibraries */,
				5C1A7BC91B80996F00BAA12F /* NNLibrariesTests */,
			);
		};
/* End PBXProject section */

/* Begin PBXResourcesBuildPhase section */
		5C1A7BC81B80996F00BAA12F /* Resources */ = {
			isa = PBXResourcesBuildPhase;
			buildActionMask = 2147483647;
			files = (
			);
			runOnlyForDeploymentPostprocessing = 0;
		};
		5CEB28E91B67CFCE004A809C /* Resources */ = {
			isa = PBXResourcesBuildPhase;
			buildActionMask = 2147483647;
			files = (
				5CEB28EC1B67CFE7004A809C /* NNLibraries-info.plist in Resources */,
				5CEB28EB1B67CFE0004A809C /* NNAutocompleteViewController.xib in Resources */,
				5C216E091B67D12900CEBC79 /* NNDisplayImageViewController.xib in Resources */,
			);
			runOnlyForDeploymentPostprocessing = 0;
		};
/* End PBXResourcesBuildPhase section */

/* Begin PBXSourcesBuildPhase section */
		5C0157B81A4BF3B200F6ECAF /* Sources */ = {
			isa = PBXSourcesBuildPhase;
			buildActionMask = 2147483647;
			files = (
				5CEB28971B67CDBC004A809C /* NNConstants.m in Sources */,
				5C37E9F21B830FE2001B80D6 /* NNURLRequestSerializer.m in Sources */,
				5CEB28981B67CDBC004A809C /* UIDevice+NNAdditions.m in Sources */,
				5C37E9F61B8312F4001B80D6 /* NNURLResponseSerializer.m in Sources */,
				5CF08BB81C26F6EC00A85493 /* NSData+NNAdditions.m in Sources */,
				5CFCB19C1B89C9F40061E2EF /* NNJSONObject.m in Sources */,
				5CACCDBF1B81E886009E343C /* NNURLConnectionManager.m in Sources */,
				5CEB28B61B67CDBC004A809C /* NSDictionary+NNAdditions.m in Sources */,
				5CEB28B71B67CDBC004A809C /* NSArray+NNAdditions.m in Sources */,
				5CEB28B81B67CDBC004A809C /* NSError+NNAdditions.m in Sources */,
				5CEB28B91B67CDBC004A809C /* NSObject+NNAdditions.m in Sources */,
				5CEB28BA1B67CDBC004A809C /* NSURL+NNAddtions.m in Sources */,
				5CEB28BB1B67CDBC004A809C /* NSData+NNSecurity.m in Sources */,
				5CEB28BD1B67CDBC004A809C /* NSDate+NNAdditions.m in Sources */,
				5CEB28BE1B67CDBC004A809C /* NSString+NNAdditions.m in Sources */,
				5CEB28C31B67CDBC004A809C /* NNReachabilityManager.m in Sources */,
				5CEB28C41B67CDBC004A809C /* NNReachability.m in Sources */,
				5CEB28C51B67CDBC004A809C /* NNSecurity.m in Sources */,
				5C93DEEB1B80780B0074D62A /* NNURLConnection.m in Sources */,
				5CF08BBE1C26F76400A85493 /* NNUICKeyChainStore.m in Sources */,
				5CEB28C91B67CDBD004A809C /* NNAsyncRequest.m in Sources */,
				5C37E9EF1B830E30001B80D6 /* NNURLConstants.m in Sources */,
				5CEB28CA1B67CDBD004A809C /* NNJSONUtilities.m in Sources */,
				5CEB28CB1B67CDBD004A809C /* NNLogger.m in Sources */,
				5CEB28CC1B67CDBD004A809C /* NNUtilities.m in Sources */,
			);
			runOnlyForDeploymentPostprocessing = 0;
		};
		5C1A7BC61B80996F00BAA12F /* Sources */ = {
			isa = PBXSourcesBuildPhase;
			buildActionMask = 2147483647;
			files = (
				5CB1100E1B8C8EBC002B3E00 /* NNJSONUtilitiesTests.m in Sources */,
				5C1A7BCF1B80996F00BAA12F /* NNURLConnectionTest.m in Sources */,
			);
			runOnlyForDeploymentPostprocessing = 0;
		};
/* End PBXSourcesBuildPhase section */

/* Begin PBXTargetDependency section */
		5C1A7BD21B80996F00BAA12F /* PBXTargetDependency */ = {
			isa = PBXTargetDependency;
			target = 5C0157BB1A4BF3B200F6ECAF /* NNLibraries */;
			targetProxy = 5C1A7BD11B80996F00BAA12F /* PBXContainerItemProxy */;
		};
/* End PBXTargetDependency section */

/* Begin XCBuildConfiguration section */
		5C0157CE1A4BF3B200F6ECAF /* Debug */ = {
			isa = XCBuildConfiguration;
			buildSettings = {
				COMBINE_HIDPI_IMAGES = YES;
				DEAD_CODE_STRIPPING = NO;
				EXECUTABLE_PREFIX = "";
				GCC_PREPROCESSOR_DEFINITIONS = "$(inherited)";
				IPHONEOS_DEPLOYMENT_TARGET = 7.0;
				ONLY_ACTIVE_ARCH = NO;
				OTHER_LDFLAGS = "-ObjC";
				PRODUCT_NAME = "$(TARGET_NAME)";
				SKIP_INSTALL = YES;
				STRIP_STYLE = "non-global";
				SUPPORTED_PLATFORMS = "iphonesimulator iphoneos";
			};
			name = Debug;
		};
		5C0157CF1A4BF3B200F6ECAF /* Release */ = {
			isa = XCBuildConfiguration;
			buildSettings = {
				COMBINE_HIDPI_IMAGES = YES;
				COPY_PHASE_STRIP = NO;
				DEAD_CODE_STRIPPING = NO;
				EXECUTABLE_PREFIX = "";
				IPHONEOS_DEPLOYMENT_TARGET = 7.0;
				OTHER_LDFLAGS = "-ObjC";
				PRODUCT_NAME = "$(TARGET_NAME)";
				SKIP_INSTALL = YES;
				STRIP_STYLE = "non-global";
				SUPPORTED_PLATFORMS = "iphonesimulator iphoneos";
			};
			name = Release;
		};
		5C1A7BD31B80996F00BAA12F /* Debug */ = {
			isa = XCBuildConfiguration;
			buildSettings = {
				DEBUG_INFORMATION_FORMAT = "dwarf-with-dsym";
				FRAMEWORK_SEARCH_PATHS = (
					"$(SDKROOT)/Developer/Library/Frameworks",
					"$(inherited)",
				);
				GCC_NO_COMMON_BLOCKS = YES;
				GCC_PREPROCESSOR_DEFINITIONS = (
					"DEBUG=1",
					"$(inherited)",
				);
				HEADER_SEARCH_PATHS = "${BUILT_PRODUCTS_DIR}/include/**";
				INFOPLIST_FILE = NNLibrariesTests/Info.plist;
				IPHONEOS_DEPLOYMENT_TARGET = 8.4;
				LD_RUNPATH_SEARCH_PATHS = "$(inherited) @executable_path/Frameworks @loader_path/Frameworks";
				LIBRARY_SEARCH_PATHS = "${BUILT_PRODUCTS_DIR}";
				OTHER_LDFLAGS = (
					"$(inherited)",
					"-framework",
					XCTest,
					"-all_load",
					"-ObjC",
				);
				PRODUCT_NAME = "$(TARGET_NAME)";
			};
			name = Debug;
		};
		5C1A7BD41B80996F00BAA12F /* Release */ = {
			isa = XCBuildConfiguration;
			buildSettings = {
				COPY_PHASE_STRIP = NO;
				DEBUG_INFORMATION_FORMAT = "dwarf-with-dsym";
				FRAMEWORK_SEARCH_PATHS = (
					"$(SDKROOT)/Developer/Library/Frameworks",
					"$(inherited)",
				);
				GCC_NO_COMMON_BLOCKS = YES;
				HEADER_SEARCH_PATHS = "${BUILT_PRODUCTS_DIR}/include/**";
				INFOPLIST_FILE = NNLibrariesTests/Info.plist;
				IPHONEOS_DEPLOYMENT_TARGET = 8.4;
				LD_RUNPATH_SEARCH_PATHS = "$(inherited) @executable_path/Frameworks @loader_path/Frameworks";
				LIBRARY_SEARCH_PATHS = "${BUILT_PRODUCTS_DIR}";
				OTHER_LDFLAGS = (
					"$(inherited)",
					"-framework",
					XCTest,
					"-all_load",
					"-ObjC",
				);
				PRODUCT_NAME = "$(TARGET_NAME)";
			};
			name = Release;
		};
		5CE461811A4459780027FF22 /* Debug */ = {
			isa = XCBuildConfiguration;
			buildSettings = {
				ALWAYS_SEARCH_USER_PATHS = NO;
				CLANG_CXX_LANGUAGE_STANDARD = "gnu++0x";
				CLANG_CXX_LIBRARY = "libc++";
				CLANG_ENABLE_MODULES = YES;
				CLANG_ENABLE_OBJC_ARC = YES;
				CLANG_WARN_BOOL_CONVERSION = YES;
				CLANG_WARN_CONSTANT_CONVERSION = YES;
				CLANG_WARN_DIRECT_OBJC_ISA_USAGE = YES_ERROR;
				CLANG_WARN_EMPTY_BODY = YES;
				CLANG_WARN_ENUM_CONVERSION = YES;
				CLANG_WARN_INT_CONVERSION = YES;
				CLANG_WARN_OBJC_ROOT_CLASS = YES_ERROR;
				CLANG_WARN_UNREACHABLE_CODE = YES;
				CLANG_WARN__DUPLICATE_METHOD_MATCH = YES;
				COPY_PHASE_STRIP = NO;
				ENABLE_STRICT_OBJC_MSGSEND = YES;
				GCC_C_LANGUAGE_STANDARD = gnu99;
				GCC_DYNAMIC_NO_PIC = NO;
				GCC_OPTIMIZATION_LEVEL = 0;
				GCC_PREPROCESSOR_DEFINITIONS = (
					"DEBUG=1",
					"$(inherited)",
				);
				GCC_SYMBOLS_PRIVATE_EXTERN = NO;
				GCC_WARN_64_TO_32_BIT_CONVERSION = YES;
				GCC_WARN_ABOUT_RETURN_TYPE = YES_ERROR;
				GCC_WARN_UNDECLARED_SELECTOR = YES;
				GCC_WARN_UNINITIALIZED_AUTOS = YES_AGGRESSIVE;
				GCC_WARN_UNUSED_FUNCTION = YES;
				GCC_WARN_UNUSED_VARIABLE = YES;
				IPHONEOS_DEPLOYMENT_TARGET = 7.0;
				MTL_ENABLE_DEBUG_INFO = YES;
				ONLY_ACTIVE_ARCH = YES;
				PRODUCT_NAME = NNLibraries;
				SDKROOT = iphoneos;
			};
			name = Debug;
		};
		5CE461821A4459780027FF22 /* Release */ = {
			isa = XCBuildConfiguration;
			buildSettings = {
				ALWAYS_SEARCH_USER_PATHS = NO;
				CLANG_CXX_LANGUAGE_STANDARD = "gnu++0x";
				CLANG_CXX_LIBRARY = "libc++";
				CLANG_ENABLE_MODULES = YES;
				CLANG_ENABLE_OBJC_ARC = YES;
				CLANG_WARN_BOOL_CONVERSION = YES;
				CLANG_WARN_CONSTANT_CONVERSION = YES;
				CLANG_WARN_DIRECT_OBJC_ISA_USAGE = YES_ERROR;
				CLANG_WARN_EMPTY_BODY = YES;
				CLANG_WARN_ENUM_CONVERSION = YES;
				CLANG_WARN_INT_CONVERSION = YES;
				CLANG_WARN_OBJC_ROOT_CLASS = YES_ERROR;
				CLANG_WARN_UNREACHABLE_CODE = YES;
				CLANG_WARN__DUPLICATE_METHOD_MATCH = YES;
				COPY_PHASE_STRIP = YES;
				ENABLE_NS_ASSERTIONS = NO;
				ENABLE_STRICT_OBJC_MSGSEND = YES;
				GCC_C_LANGUAGE_STANDARD = gnu99;
				GCC_WARN_64_TO_32_BIT_CONVERSION = YES;
				GCC_WARN_ABOUT_RETURN_TYPE = YES_ERROR;
				GCC_WARN_UNDECLARED_SELECTOR = YES;
				GCC_WARN_UNINITIALIZED_AUTOS = YES_AGGRESSIVE;
				GCC_WARN_UNUSED_FUNCTION = YES;
				GCC_WARN_UNUSED_VARIABLE = YES;
				IPHONEOS_DEPLOYMENT_TARGET = 7.0;
				MTL_ENABLE_DEBUG_INFO = NO;
				PRODUCT_NAME = NNLibraries;
				SDKROOT = iphoneos;
				VALIDATE_PRODUCT = YES;
			};
			name = Release;
		};
/* End XCBuildConfiguration section */

/* Begin XCConfigurationList section */
		5C0157CD1A4BF3B200F6ECAF /* Build configuration list for PBXNativeTarget "NNLibraries" */ = {
			isa = XCConfigurationList;
			buildConfigurations = (
				5C0157CE1A4BF3B200F6ECAF /* Debug */,
				5C0157CF1A4BF3B200F6ECAF /* Release */,
			);
			defaultConfigurationIsVisible = 0;
			defaultConfigurationName = Release;
		};
		5C1A7BD51B80996F00BAA12F /* Build configuration list for PBXNativeTarget "NNLibrariesTests" */ = {
			isa = XCConfigurationList;
			buildConfigurations = (
				5C1A7BD31B80996F00BAA12F /* Debug */,
				5C1A7BD41B80996F00BAA12F /* Release */,
			);
			defaultConfigurationIsVisible = 0;
			defaultConfigurationName = Release;
		};
		5CE4616A1A4459780027FF22 /* Build configuration list for PBXProject "NNLibraries" */ = {
			isa = XCConfigurationList;
			buildConfigurations = (
				5CE461811A4459780027FF22 /* Debug */,
				5CE461821A4459780027FF22 /* Release */,
			);
			defaultConfigurationIsVisible = 0;
			defaultConfigurationName = Release;
		};
/* End XCConfigurationList section */
	};
	rootObject = 5CE461671A4459780027FF22 /* Project object */;
}
