// !$*UTF8*$!
{
	archiveVersion = 1;
	classes = {
	};
	objectVersion = 46;
	objects = {

/* Begin PBXBuildFile section */
		5CCD5DEA1AB8E67E007E94BF /* NNKeyValueDB.m in Sources */ = {isa = PBXBuildFile; fileRef = 5CCD5D761AB8E67E007E94BF /* NNKeyValueDB.m */; };
		5CCD5DEB1AB8E67E007E94BF /* NNKeyValueDBManager.m in Sources */ = {isa = PBXBuildFile; fileRef = 5CCD5D781AB8E67E007E94BF /* NNKeyValueDBManager.m */; };
		5CCD5DEC1AB8E67E007E94BF /* NNLocationManager.m in Sources */ = {isa = PBXBuildFile; fileRef = 5CCD5D7B1AB8E67E007E94BF /* NNLocationManager.m */; };
		5CCD5DED1AB8E67E007E94BF /* NNMotionManager.m in Sources */ = {isa = PBXBuildFile; fileRef = 5CCD5D7E1AB8E67E007E94BF /* NNMotionManager.m */; };
		5CCD5DEE1AB8E67E007E94BF /* NNReachabilityManager.m in Sources */ = {isa = PBXBuildFile; fileRef = 5CCD5D811AB8E67E007E94BF /* NNReachabilityManager.m */; };
		5CCD5DEF1AB8E67E007E94BF /* Reachability.m in Sources */ = {isa = PBXBuildFile; fileRef = 5CCD5D831AB8E67E007E94BF /* Reachability.m */; };
		5CCD5DF01AB8E67E007E94BF /* NNSecurity.m in Sources */ = {isa = PBXBuildFile; fileRef = 5CCD5D861AB8E67E007E94BF /* NNSecurity.m */; };
		5CCD5DF11AB8E67E007E94BF /* NNSimpleSoundsPlayer.m in Sources */ = {isa = PBXBuildFile; fileRef = 5CCD5D891AB8E67E007E94BF /* NNSimpleSoundsPlayer.m */; };
		5CCD5DF21AB8E67E007E94BF /* NNStoreKitHelper.m in Sources */ = {isa = PBXBuildFile; fileRef = 5CCD5D8C1AB8E67E007E94BF /* NNStoreKitHelper.m */; };
		5CCD5DF31AB8E67E007E94BF /* NNAsyncRequest.m in Sources */ = {isa = PBXBuildFile; fileRef = 5CCD5D901AB8E67E007E94BF /* NNAsyncRequest.m */; };
		5CCD5DF41AB8E67E007E94BF /* NSDate+NNAdditions.m in Sources */ = {isa = PBXBuildFile; fileRef = 5CCD5D951AB8E67E007E94BF /* NSDate+NNAdditions.m */; };
		5CCD5DF51AB8E67E007E94BF /* NSString+NNAdditions.m in Sources */ = {isa = PBXBuildFile; fileRef = 5CCD5D981AB8E67E007E94BF /* NSString+NNAdditions.m */; };
		5CCD5DF61AB8E67E007E94BF /* CALayer+NNRuntimeAttributes.m in Sources */ = {isa = PBXBuildFile; fileRef = 5CCD5D9F1AB8E67E007E94BF /* CALayer+NNRuntimeAttributes.m */; };
		5CCD5DF71AB8E67E007E94BF /* UIAlertView+NNAdditions.m in Sources */ = {isa = PBXBuildFile; fileRef = 5CCD5DA21AB8E67E007E94BF /* UIAlertView+NNAdditions.m */; };
		5CCD5DF81AB8E67E007E94BF /* UIButton+NNAdditions.m in Sources */ = {isa = PBXBuildFile; fileRef = 5CCD5DA51AB8E67E007E94BF /* UIButton+NNAdditions.m */; };
		5CCD5DF91AB8E67E007E94BF /* UIImage+NNAdditions.m in Sources */ = {isa = PBXBuildFile; fileRef = 5CCD5DA81AB8E67E007E94BF /* UIImage+NNAdditions.m */; };
		5CCD5DFA1AB8E67E007E94BF /* UINavigationBar+NNAdditions.m in Sources */ = {isa = PBXBuildFile; fileRef = 5CCD5DAB1AB8E67E007E94BF /* UINavigationBar+NNAdditions.m */; };
		5CCD5DFB1AB8E67E007E94BF /* UINavigationController+NNAdditions.m in Sources */ = {isa = PBXBuildFile; fileRef = 5CCD5DAE1AB8E67E007E94BF /* UINavigationController+NNAdditions.m */; };
		5CCD5DFC1AB8E67E007E94BF /* UIView+CGGeometry.m in Sources */ = {isa = PBXBuildFile; fileRef = 5CCD5DB11AB8E67E007E94BF /* UIView+CGGeometry.m */; };
		5CCD5DFD1AB8E67E007E94BF /* UIView+NNAdditions.m in Sources */ = {isa = PBXBuildFile; fileRef = 5CCD5DB31AB8E67E007E94BF /* UIView+NNAdditions.m */; };
		5CCD5DFE1AB8E67E007E94BF /* UIViewController+NNAdditions.m in Sources */ = {isa = PBXBuildFile; fileRef = 5CCD5DB61AB8E67E007E94BF /* UIViewController+NNAdditions.m */; };
		5CCD5DFF1AB8E67E007E94BF /* NNAsyncImageView.m in Sources */ = {isa = PBXBuildFile; fileRef = 5CCD5DBA1AB8E67E007E94BF /* NNAsyncImageView.m */; };
		5CCD5E001AB8E67E007E94BF /* NNAutocompleteViewController.m in Sources */ = {isa = PBXBuildFile; fileRef = 5CCD5DBD1AB8E67E007E94BF /* NNAutocompleteViewController.m */; };
		5CCD5E011AB8E67E007E94BF /* NNAutolayoutLabel.m in Sources */ = {isa = PBXBuildFile; fileRef = 5CCD5DC01AB8E67E007E94BF /* NNAutolayoutLabel.m */; };
		5CCD5E021AB8E67E007E94BF /* NNCustomDatePicker.m in Sources */ = {isa = PBXBuildFile; fileRef = 5CCD5DC31AB8E67E007E94BF /* NNCustomDatePicker.m */; };
		5CCD5E031AB8E67E007E94BF /* NNInsetTextField.m in Sources */ = {isa = PBXBuildFile; fileRef = 5CCD5DC61AB8E67E007E94BF /* NNInsetTextField.m */; };
		5CCD5E041AB8E67E007E94BF /* NNDatePickerField.m in Sources */ = {isa = PBXBuildFile; fileRef = 5CCD5DCA1AB8E67E007E94BF /* NNDatePickerField.m */; };
		5CCD5E051AB8E67E007E94BF /* NNNumberPickerField.m in Sources */ = {isa = PBXBuildFile; fileRef = 5CCD5DCD1AB8E67E007E94BF /* NNNumberPickerField.m */; };
		5CCD5E061AB8E67E007E94BF /* NNObjectPickerField.m in Sources */ = {isa = PBXBuildFile; fileRef = 5CCD5DD01AB8E67E007E94BF /* NNObjectPickerField.m */; };
		5CCD5E071AB8E67E007E94BF /* NNPickerField.m in Sources */ = {isa = PBXBuildFile; fileRef = 5CCD5DD21AB8E67E007E94BF /* NNPickerField.m */; };
		5CCD5E081AB8E67E007E94BF /* NNPickerInputView.m in Sources */ = {isa = PBXBuildFile; fileRef = 5CCD5DD51AB8E67E007E94BF /* NNPickerInputView.m */; };
		5CCD5E091AB8E67E007E94BF /* NNCustomSwitch.m in Sources */ = {isa = PBXBuildFile; fileRef = 5CCD5DD81AB8E67E007E94BF /* NNCustomSwitch.m */; };
		5CCD5E0A1AB8E67E007E94BF /* NNLogger.m in Sources */ = {isa = PBXBuildFile; fileRef = 5CCD5DDC1AB8E67E007E94BF /* NNLogger.m */; };
		5CCD5E0B1AB8E67E007E94BF /* NNUtilities.m in Sources */ = {isa = PBXBuildFile; fileRef = 5CCD5DDF1AB8E67E007E94BF /* NNUtilities.m */; };
		5CCD5E101AB8E685007E94BF /* MBProgressHUD.m in Sources */ = {isa = PBXBuildFile; fileRef = 5CCD5E0F1AB8E685007E94BF /* MBProgressHUD.m */; };
		5CCD5E121AB8E813007E94BF /* NNConstants.h in Headers */ = {isa = PBXBuildFile; fileRef = 5CCD5DE11AB8E67E007E94BF /* NNConstants.h */; settings = {ATTRIBUTES = (Public, ); }; };
		5CCD5E131AB8E898007E94BF /* NNLibraries.h in Headers */ = {isa = PBXBuildFile; fileRef = 5CCD5DE21AB8E67E007E94BF /* NNLibraries.h */; settings = {ATTRIBUTES = (Public, ); }; };
		5CCD5E141AB8E898007E94BF /* NNLibrariesEssentials.h in Headers */ = {isa = PBXBuildFile; fileRef = 5CCD5DE31AB8E67E007E94BF /* NNLibrariesEssentials.h */; settings = {ATTRIBUTES = (Public, ); }; };
		5CCD5E151AB8E898007E94BF /* NNLibrariesNSFoundation.h in Headers */ = {isa = PBXBuildFile; fileRef = 5CCD5DE41AB8E67E007E94BF /* NNLibrariesNSFoundation.h */; settings = {ATTRIBUTES = (Public, ); }; };
		5CCD5E161AB8E898007E94BF /* NNLibrariesUIKit.h in Headers */ = {isa = PBXBuildFile; fileRef = 5CCD5DE51AB8E67E007E94BF /* NNLibrariesUIKit.h */; settings = {ATTRIBUTES = (Public, ); }; };
		5CCD5E171AB8E898007E94BF /* NNKeyValueDB.h in Headers */ = {isa = PBXBuildFile; fileRef = 5CCD5D751AB8E67E007E94BF /* NNKeyValueDB.h */; settings = {ATTRIBUTES = (Public, ); }; };
		5CCD5E191AB8E898007E94BF /* NNKeyValueDBManager.h in Headers */ = {isa = PBXBuildFile; fileRef = 5CCD5D771AB8E67E007E94BF /* NNKeyValueDBManager.h */; settings = {ATTRIBUTES = (Public, ); }; };
		5CCD5E1B1AB8E898007E94BF /* NNLocationManager.h in Headers */ = {isa = PBXBuildFile; fileRef = 5CCD5D7A1AB8E67E007E94BF /* NNLocationManager.h */; settings = {ATTRIBUTES = (Public, ); }; };
		5CCD5E1D1AB8E898007E94BF /* NNMotionManager.h in Headers */ = {isa = PBXBuildFile; fileRef = 5CCD5D7D1AB8E67E007E94BF /* NNMotionManager.h */; settings = {ATTRIBUTES = (Public, ); }; };
		5CCD5E1F1AB8E898007E94BF /* NNReachabilityManager.h in Headers */ = {isa = PBXBuildFile; fileRef = 5CCD5D801AB8E67E007E94BF /* NNReachabilityManager.h */; settings = {ATTRIBUTES = (Public, ); }; };
		5CCD5E211AB8E898007E94BF /* Reachability.h in Headers */ = {isa = PBXBuildFile; fileRef = 5CCD5D821AB8E67E007E94BF /* Reachability.h */; settings = {ATTRIBUTES = (Public, ); }; };
		5CCD5E231AB8E898007E94BF /* NNSecurity.h in Headers */ = {isa = PBXBuildFile; fileRef = 5CCD5D851AB8E67E007E94BF /* NNSecurity.h */; settings = {ATTRIBUTES = (Public, ); }; };
		5CCD5E251AB8E898007E94BF /* NNSimpleSoundsPlayer.h in Headers */ = {isa = PBXBuildFile; fileRef = 5CCD5D881AB8E67E007E94BF /* NNSimpleSoundsPlayer.h */; settings = {ATTRIBUTES = (Public, ); }; };
		5CCD5E271AB8E898007E94BF /* NNStoreKitHelper.h in Headers */ = {isa = PBXBuildFile; fileRef = 5CCD5D8B1AB8E67E007E94BF /* NNStoreKitHelper.h */; settings = {ATTRIBUTES = (Public, ); }; };
		5CCD5E291AB8E898007E94BF /* NNAsyncRequest.h in Headers */ = {isa = PBXBuildFile; fileRef = 5CCD5D8F1AB8E67E007E94BF /* NNAsyncRequest.h */; settings = {ATTRIBUTES = (Public, ); }; };
		5CCD5E2B1AB8E898007E94BF /* NSDate+NNAdditions.h in Headers */ = {isa = PBXBuildFile; fileRef = 5CCD5D941AB8E67E007E94BF /* NSDate+NNAdditions.h */; settings = {ATTRIBUTES = (Public, ); }; };
		5CCD5E2D1AB8E898007E94BF /* NSString+NNAdditions.h in Headers */ = {isa = PBXBuildFile; fileRef = 5CCD5D971AB8E67E007E94BF /* NSString+NNAdditions.h */; settings = {ATTRIBUTES = (Public, ); }; };
		5CCD5E2F1AB8E898007E94BF /* NNSelectable.h in Headers */ = {isa = PBXBuildFile; fileRef = 5CCD5D9A1AB8E67E007E94BF /* NNSelectable.h */; settings = {ATTRIBUTES = (Public, ); }; };
		5CCD5E301AB8E898007E94BF /* CALayer+NNRuntimeAttributes.h in Headers */ = {isa = PBXBuildFile; fileRef = 5CCD5D9E1AB8E67E007E94BF /* CALayer+NNRuntimeAttributes.h */; settings = {ATTRIBUTES = (Public, ); }; };
		5CCD5E321AB8E898007E94BF /* UIAlertView+NNAdditions.h in Headers */ = {isa = PBXBuildFile; fileRef = 5CCD5DA11AB8E67E007E94BF /* UIAlertView+NNAdditions.h */; settings = {ATTRIBUTES = (Public, ); }; };
		5CCD5E341AB8E898007E94BF /* UIButton+NNAdditions.h in Headers */ = {isa = PBXBuildFile; fileRef = 5CCD5DA41AB8E67E007E94BF /* UIButton+NNAdditions.h */; settings = {ATTRIBUTES = (Public, ); }; };
		5CCD5E361AB8E898007E94BF /* UIImage+NNAdditions.h in Headers */ = {isa = PBXBuildFile; fileRef = 5CCD5DA71AB8E67E007E94BF /* UIImage+NNAdditions.h */; settings = {ATTRIBUTES = (Public, ); }; };
		5CCD5E381AB8E898007E94BF /* UINavigationBar+NNAdditions.h in Headers */ = {isa = PBXBuildFile; fileRef = 5CCD5DAA1AB8E67E007E94BF /* UINavigationBar+NNAdditions.h */; settings = {ATTRIBUTES = (Public, ); }; };
		5CCD5E3A1AB8E898007E94BF /* UINavigationController+NNAdditions.h in Headers */ = {isa = PBXBuildFile; fileRef = 5CCD5DAD1AB8E67E007E94BF /* UINavigationController+NNAdditions.h */; settings = {ATTRIBUTES = (Public, ); }; };
		5CCD5E3C1AB8E898007E94BF /* UIView+CGGeometry.h in Headers */ = {isa = PBXBuildFile; fileRef = 5CCD5DB01AB8E67E007E94BF /* UIView+CGGeometry.h */; settings = {ATTRIBUTES = (Public, ); }; };
		5CCD5E3E1AB8E899007E94BF /* UIView+NNAdditions.h in Headers */ = {isa = PBXBuildFile; fileRef = 5CCD5DB21AB8E67E007E94BF /* UIView+NNAdditions.h */; settings = {ATTRIBUTES = (Public, ); }; };
		5CCD5E401AB8E899007E94BF /* UIViewController+NNAdditions.h in Headers */ = {isa = PBXBuildFile; fileRef = 5CCD5DB51AB8E67E007E94BF /* UIViewController+NNAdditions.h */; settings = {ATTRIBUTES = (Public, ); }; };
		5CCD5E421AB8E899007E94BF /* NNAsyncImageView.h in Headers */ = {isa = PBXBuildFile; fileRef = 5CCD5DB91AB8E67E007E94BF /* NNAsyncImageView.h */; settings = {ATTRIBUTES = (Public, ); }; };
		5CCD5E441AB8E899007E94BF /* NNAutocompleteViewController.h in Headers */ = {isa = PBXBuildFile; fileRef = 5CCD5DBC1AB8E67E007E94BF /* NNAutocompleteViewController.h */; settings = {ATTRIBUTES = (Public, ); }; };
		5CCD5E461AB8E899007E94BF /* NNAutolayoutLabel.h in Headers */ = {isa = PBXBuildFile; fileRef = 5CCD5DBF1AB8E67E007E94BF /* NNAutolayoutLabel.h */; settings = {ATTRIBUTES = (Public, ); }; };
		5CCD5E481AB8E899007E94BF /* NNCustomDatePicker.h in Headers */ = {isa = PBXBuildFile; fileRef = 5CCD5DC21AB8E67E007E94BF /* NNCustomDatePicker.h */; settings = {ATTRIBUTES = (Public, ); }; };
		5CCD5E4A1AB8E899007E94BF /* NNInsetTextField.h in Headers */ = {isa = PBXBuildFile; fileRef = 5CCD5DC51AB8E67E007E94BF /* NNInsetTextField.h */; settings = {ATTRIBUTES = (Public, ); }; };
		5CCD5E4C1AB8E899007E94BF /* NNDatePickerField.h in Headers */ = {isa = PBXBuildFile; fileRef = 5CCD5DC91AB8E67E007E94BF /* NNDatePickerField.h */; settings = {ATTRIBUTES = (Public, ); }; };
		5CCD5E4E1AB8E899007E94BF /* NNNumberPickerField.h in Headers */ = {isa = PBXBuildFile; fileRef = 5CCD5DCC1AB8E67E007E94BF /* NNNumberPickerField.h */; settings = {ATTRIBUTES = (Public, ); }; };
		5CCD5E501AB8E899007E94BF /* NNObjectPickerField.h in Headers */ = {isa = PBXBuildFile; fileRef = 5CCD5DCF1AB8E67E007E94BF /* NNObjectPickerField.h */; settings = {ATTRIBUTES = (Public, ); }; };
		5CCD5E521AB8E899007E94BF /* NNPickerField.h in Headers */ = {isa = PBXBuildFile; fileRef = 5CCD5DD11AB8E67E007E94BF /* NNPickerField.h */; settings = {ATTRIBUTES = (Public, ); }; };
		5CCD5E541AB8E89A007E94BF /* NNPickerInputView.h in Headers */ = {isa = PBXBuildFile; fileRef = 5CCD5DD41AB8E67E007E94BF /* NNPickerInputView.h */; settings = {ATTRIBUTES = (Public, ); }; };
		5CCD5E561AB8E89A007E94BF /* NNCustomSwitch.h in Headers */ = {isa = PBXBuildFile; fileRef = 5CCD5DD71AB8E67E007E94BF /* NNCustomSwitch.h */; settings = {ATTRIBUTES = (Public, ); }; };
		5CCD5E581AB8E89A007E94BF /* NNLogger.h in Headers */ = {isa = PBXBuildFile; fileRef = 5CCD5DDB1AB8E67E007E94BF /* NNLogger.h */; settings = {ATTRIBUTES = (Public, ); }; };
		5CCD5E5A1AB8E89A007E94BF /* NNUtilities.h in Headers */ = {isa = PBXBuildFile; fileRef = 5CCD5DDE1AB8E67E007E94BF /* NNUtilities.h */; settings = {ATTRIBUTES = (Public, ); }; };
		5CCD5E611AB8E90D007E94BF /* NNConstants.h in CopyFiles */ = {isa = PBXBuildFile; fileRef = 5CCD5DE11AB8E67E007E94BF /* NNConstants.h */; };
		5CCD5E621AB8E90D007E94BF /* NNLibraries.h in CopyFiles */ = {isa = PBXBuildFile; fileRef = 5CCD5DE21AB8E67E007E94BF /* NNLibraries.h */; };
		5CCD5E631AB8E90D007E94BF /* NNLibrariesEssentials.h in CopyFiles */ = {isa = PBXBuildFile; fileRef = 5CCD5DE31AB8E67E007E94BF /* NNLibrariesEssentials.h */; };
		5CCD5E641AB8E90D007E94BF /* NNLibrariesNSFoundation.h in CopyFiles */ = {isa = PBXBuildFile; fileRef = 5CCD5DE41AB8E67E007E94BF /* NNLibrariesNSFoundation.h */; };
		5CCD5E651AB8E90D007E94BF /* NNLibrariesUIKit.h in CopyFiles */ = {isa = PBXBuildFile; fileRef = 5CCD5DE51AB8E67E007E94BF /* NNLibrariesUIKit.h */; };
		5CCD5E661AB8E90D007E94BF /* NNKeyValueDB.h in CopyFiles */ = {isa = PBXBuildFile; fileRef = 5CCD5D751AB8E67E007E94BF /* NNKeyValueDB.h */; };
		5CCD5E671AB8E90D007E94BF /* NNKeyValueDBManager.h in CopyFiles */ = {isa = PBXBuildFile; fileRef = 5CCD5D771AB8E67E007E94BF /* NNKeyValueDBManager.h */; };
		5CCD5E681AB8E90D007E94BF /* NNLocationManager.h in CopyFiles */ = {isa = PBXBuildFile; fileRef = 5CCD5D7A1AB8E67E007E94BF /* NNLocationManager.h */; };
		5CCD5E691AB8E90D007E94BF /* NNMotionManager.h in CopyFiles */ = {isa = PBXBuildFile; fileRef = 5CCD5D7D1AB8E67E007E94BF /* NNMotionManager.h */; };
		5CCD5E6A1AB8E90D007E94BF /* NNReachabilityManager.h in CopyFiles */ = {isa = PBXBuildFile; fileRef = 5CCD5D801AB8E67E007E94BF /* NNReachabilityManager.h */; };
		5CCD5E6B1AB8E90D007E94BF /* Reachability.h in CopyFiles */ = {isa = PBXBuildFile; fileRef = 5CCD5D821AB8E67E007E94BF /* Reachability.h */; };
		5CCD5E6C1AB8E90D007E94BF /* NNSecurity.h in CopyFiles */ = {isa = PBXBuildFile; fileRef = 5CCD5D851AB8E67E007E94BF /* NNSecurity.h */; };
		5CCD5E6D1AB8E90D007E94BF /* NNSimpleSoundsPlayer.h in CopyFiles */ = {isa = PBXBuildFile; fileRef = 5CCD5D881AB8E67E007E94BF /* NNSimpleSoundsPlayer.h */; };
		5CCD5E6E1AB8E90D007E94BF /* NNStoreKitHelper.h in CopyFiles */ = {isa = PBXBuildFile; fileRef = 5CCD5D8B1AB8E67E007E94BF /* NNStoreKitHelper.h */; };
		5CCD5E6F1AB8E90D007E94BF /* NNAsyncRequest.h in CopyFiles */ = {isa = PBXBuildFile; fileRef = 5CCD5D8F1AB8E67E007E94BF /* NNAsyncRequest.h */; };
		5CCD5E701AB8E90D007E94BF /* NSDate+NNAdditions.h in CopyFiles */ = {isa = PBXBuildFile; fileRef = 5CCD5D941AB8E67E007E94BF /* NSDate+NNAdditions.h */; };
		5CCD5E711AB8E90D007E94BF /* NSString+NNAdditions.h in CopyFiles */ = {isa = PBXBuildFile; fileRef = 5CCD5D971AB8E67E007E94BF /* NSString+NNAdditions.h */; };
		5CCD5E721AB8E90D007E94BF /* NNSelectable.h in CopyFiles */ = {isa = PBXBuildFile; fileRef = 5CCD5D9A1AB8E67E007E94BF /* NNSelectable.h */; };
		5CCD5E731AB8E90D007E94BF /* CALayer+NNRuntimeAttributes.h in CopyFiles */ = {isa = PBXBuildFile; fileRef = 5CCD5D9E1AB8E67E007E94BF /* CALayer+NNRuntimeAttributes.h */; };
		5CCD5E741AB8E90D007E94BF /* UIAlertView+NNAdditions.h in CopyFiles */ = {isa = PBXBuildFile; fileRef = 5CCD5DA11AB8E67E007E94BF /* UIAlertView+NNAdditions.h */; };
		5CCD5E751AB8E90D007E94BF /* UIButton+NNAdditions.h in CopyFiles */ = {isa = PBXBuildFile; fileRef = 5CCD5DA41AB8E67E007E94BF /* UIButton+NNAdditions.h */; };
		5CCD5E761AB8E90D007E94BF /* UIImage+NNAdditions.h in CopyFiles */ = {isa = PBXBuildFile; fileRef = 5CCD5DA71AB8E67E007E94BF /* UIImage+NNAdditions.h */; };
		5CCD5E771AB8E90D007E94BF /* UINavigationBar+NNAdditions.h in CopyFiles */ = {isa = PBXBuildFile; fileRef = 5CCD5DAA1AB8E67E007E94BF /* UINavigationBar+NNAdditions.h */; };
		5CCD5E781AB8E90D007E94BF /* UINavigationController+NNAdditions.h in CopyFiles */ = {isa = PBXBuildFile; fileRef = 5CCD5DAD1AB8E67E007E94BF /* UINavigationController+NNAdditions.h */; };
		5CCD5E791AB8E90D007E94BF /* UIView+CGGeometry.h in CopyFiles */ = {isa = PBXBuildFile; fileRef = 5CCD5DB01AB8E67E007E94BF /* UIView+CGGeometry.h */; };
		5CCD5E7A1AB8E90D007E94BF /* UIView+NNAdditions.h in CopyFiles */ = {isa = PBXBuildFile; fileRef = 5CCD5DB21AB8E67E007E94BF /* UIView+NNAdditions.h */; };
		5CCD5E7B1AB8E90D007E94BF /* UIViewController+NNAdditions.h in CopyFiles */ = {isa = PBXBuildFile; fileRef = 5CCD5DB51AB8E67E007E94BF /* UIViewController+NNAdditions.h */; };
		5CCD5E7C1AB8E90D007E94BF /* NNAsyncImageView.h in CopyFiles */ = {isa = PBXBuildFile; fileRef = 5CCD5DB91AB8E67E007E94BF /* NNAsyncImageView.h */; };
		5CCD5E7D1AB8E90D007E94BF /* NNAutocompleteViewController.h in CopyFiles */ = {isa = PBXBuildFile; fileRef = 5CCD5DBC1AB8E67E007E94BF /* NNAutocompleteViewController.h */; };
		5CCD5E7E1AB8E90D007E94BF /* NNAutolayoutLabel.h in CopyFiles */ = {isa = PBXBuildFile; fileRef = 5CCD5DBF1AB8E67E007E94BF /* NNAutolayoutLabel.h */; };
		5CCD5E7F1AB8E90D007E94BF /* NNCustomDatePicker.h in CopyFiles */ = {isa = PBXBuildFile; fileRef = 5CCD5DC21AB8E67E007E94BF /* NNCustomDatePicker.h */; };
		5CCD5E801AB8E90D007E94BF /* NNInsetTextField.h in CopyFiles */ = {isa = PBXBuildFile; fileRef = 5CCD5DC51AB8E67E007E94BF /* NNInsetTextField.h */; };
		5CCD5E811AB8E90D007E94BF /* NNDatePickerField.h in CopyFiles */ = {isa = PBXBuildFile; fileRef = 5CCD5DC91AB8E67E007E94BF /* NNDatePickerField.h */; };
		5CCD5E821AB8E90D007E94BF /* NNNumberPickerField.h in CopyFiles */ = {isa = PBXBuildFile; fileRef = 5CCD5DCC1AB8E67E007E94BF /* NNNumberPickerField.h */; };
		5CCD5E831AB8E90D007E94BF /* NNObjectPickerField.h in CopyFiles */ = {isa = PBXBuildFile; fileRef = 5CCD5DCF1AB8E67E007E94BF /* NNObjectPickerField.h */; };
		5CCD5E841AB8E90D007E94BF /* NNPickerField.h in CopyFiles */ = {isa = PBXBuildFile; fileRef = 5CCD5DD11AB8E67E007E94BF /* NNPickerField.h */; };
		5CCD5E851AB8E90E007E94BF /* NNPickerInputView.h in CopyFiles */ = {isa = PBXBuildFile; fileRef = 5CCD5DD41AB8E67E007E94BF /* NNPickerInputView.h */; };
		5CCD5E861AB8E90E007E94BF /* NNCustomSwitch.h in CopyFiles */ = {isa = PBXBuildFile; fileRef = 5CCD5DD71AB8E67E007E94BF /* NNCustomSwitch.h */; };
		5CCD5E871AB8E90E007E94BF /* NNLogger.h in CopyFiles */ = {isa = PBXBuildFile; fileRef = 5CCD5DDB1AB8E67E007E94BF /* NNLogger.h */; };
		5CCD5E881AB8E90E007E94BF /* NNUtilities.h in CopyFiles */ = {isa = PBXBuildFile; fileRef = 5CCD5DDE1AB8E67E007E94BF /* NNUtilities.h */; };
/* End PBXBuildFile section */

/* Begin PBXCopyFilesBuildPhase section */
		5C0157BA1A4BF3B200F6ECAF /* CopyFiles */ = {
			isa = PBXCopyFilesBuildPhase;
			buildActionMask = 2147483647;
			dstPath = "include/$(PRODUCT_NAME)";
			dstSubfolderSpec = 16;
			files = (
				5CCD5E611AB8E90D007E94BF /* NNConstants.h in CopyFiles */,
				5CCD5E621AB8E90D007E94BF /* NNLibraries.h in CopyFiles */,
				5CCD5E631AB8E90D007E94BF /* NNLibrariesEssentials.h in CopyFiles */,
				5CCD5E641AB8E90D007E94BF /* NNLibrariesNSFoundation.h in CopyFiles */,
				5CCD5E651AB8E90D007E94BF /* NNLibrariesUIKit.h in CopyFiles */,
				5CCD5E661AB8E90D007E94BF /* NNKeyValueDB.h in CopyFiles */,
				5CCD5E671AB8E90D007E94BF /* NNKeyValueDBManager.h in CopyFiles */,
				5CCD5E681AB8E90D007E94BF /* NNLocationManager.h in CopyFiles */,
				5CCD5E691AB8E90D007E94BF /* NNMotionManager.h in CopyFiles */,
				5CCD5E6A1AB8E90D007E94BF /* NNReachabilityManager.h in CopyFiles */,
				5CCD5E6B1AB8E90D007E94BF /* Reachability.h in CopyFiles */,
				5CCD5E6C1AB8E90D007E94BF /* NNSecurity.h in CopyFiles */,
				5CCD5E6D1AB8E90D007E94BF /* NNSimpleSoundsPlayer.h in CopyFiles */,
				5CCD5E6E1AB8E90D007E94BF /* NNStoreKitHelper.h in CopyFiles */,
				5CCD5E6F1AB8E90D007E94BF /* NNAsyncRequest.h in CopyFiles */,
				5CCD5E701AB8E90D007E94BF /* NSDate+NNAdditions.h in CopyFiles */,
				5CCD5E711AB8E90D007E94BF /* NSString+NNAdditions.h in CopyFiles */,
				5CCD5E721AB8E90D007E94BF /* NNSelectable.h in CopyFiles */,
				5CCD5E731AB8E90D007E94BF /* CALayer+NNRuntimeAttributes.h in CopyFiles */,
				5CCD5E741AB8E90D007E94BF /* UIAlertView+NNAdditions.h in CopyFiles */,
				5CCD5E751AB8E90D007E94BF /* UIButton+NNAdditions.h in CopyFiles */,
				5CCD5E761AB8E90D007E94BF /* UIImage+NNAdditions.h in CopyFiles */,
				5CCD5E771AB8E90D007E94BF /* UINavigationBar+NNAdditions.h in CopyFiles */,
				5CCD5E781AB8E90D007E94BF /* UINavigationController+NNAdditions.h in CopyFiles */,
				5CCD5E791AB8E90D007E94BF /* UIView+CGGeometry.h in CopyFiles */,
				5CCD5E7A1AB8E90D007E94BF /* UIView+NNAdditions.h in CopyFiles */,
				5CCD5E7B1AB8E90D007E94BF /* UIViewController+NNAdditions.h in CopyFiles */,
				5CCD5E7C1AB8E90D007E94BF /* NNAsyncImageView.h in CopyFiles */,
				5CCD5E7D1AB8E90D007E94BF /* NNAutocompleteViewController.h in CopyFiles */,
				5CCD5E7E1AB8E90D007E94BF /* NNAutolayoutLabel.h in CopyFiles */,
				5CCD5E7F1AB8E90D007E94BF /* NNCustomDatePicker.h in CopyFiles */,
				5CCD5E801AB8E90D007E94BF /* NNInsetTextField.h in CopyFiles */,
				5CCD5E811AB8E90D007E94BF /* NNDatePickerField.h in CopyFiles */,
				5CCD5E821AB8E90D007E94BF /* NNNumberPickerField.h in CopyFiles */,
				5CCD5E831AB8E90D007E94BF /* NNObjectPickerField.h in CopyFiles */,
				5CCD5E841AB8E90D007E94BF /* NNPickerField.h in CopyFiles */,
				5CCD5E851AB8E90E007E94BF /* NNPickerInputView.h in CopyFiles */,
				5CCD5E861AB8E90E007E94BF /* NNCustomSwitch.h in CopyFiles */,
				5CCD5E871AB8E90E007E94BF /* NNLogger.h in CopyFiles */,
				5CCD5E881AB8E90E007E94BF /* NNUtilities.h in CopyFiles */,
			);
			runOnlyForDeploymentPostprocessing = 0;
		};
/* End PBXCopyFilesBuildPhase section */

/* Begin PBXFileReference section */
		5C0157BC1A4BF3B200F6ECAF /* NNLibraries.a */ = {isa = PBXFileReference; explicitFileType = archive.ar; includeInIndex = 0; path = NNLibraries.a; sourceTree = BUILT_PRODUCTS_DIR; };
		5CCD5D751AB8E67E007E94BF /* NNKeyValueDB.h */ = {isa = PBXFileReference; fileEncoding = 4; lastKnownFileType = sourcecode.c.h; path = NNKeyValueDB.h; sourceTree = "<group>"; };
		5CCD5D761AB8E67E007E94BF /* NNKeyValueDB.m */ = {isa = PBXFileReference; fileEncoding = 4; lastKnownFileType = sourcecode.c.objc; path = NNKeyValueDB.m; sourceTree = "<group>"; };
		5CCD5D771AB8E67E007E94BF /* NNKeyValueDBManager.h */ = {isa = PBXFileReference; fileEncoding = 4; lastKnownFileType = sourcecode.c.h; path = NNKeyValueDBManager.h; sourceTree = "<group>"; };
		5CCD5D781AB8E67E007E94BF /* NNKeyValueDBManager.m */ = {isa = PBXFileReference; fileEncoding = 4; lastKnownFileType = sourcecode.c.objc; path = NNKeyValueDBManager.m; sourceTree = "<group>"; };
		5CCD5D7A1AB8E67E007E94BF /* NNLocationManager.h */ = {isa = PBXFileReference; fileEncoding = 4; lastKnownFileType = sourcecode.c.h; path = NNLocationManager.h; sourceTree = "<group>"; };
		5CCD5D7B1AB8E67E007E94BF /* NNLocationManager.m */ = {isa = PBXFileReference; fileEncoding = 4; lastKnownFileType = sourcecode.c.objc; path = NNLocationManager.m; sourceTree = "<group>"; };
		5CCD5D7D1AB8E67E007E94BF /* NNMotionManager.h */ = {isa = PBXFileReference; fileEncoding = 4; lastKnownFileType = sourcecode.c.h; path = NNMotionManager.h; sourceTree = "<group>"; };
		5CCD5D7E1AB8E67E007E94BF /* NNMotionManager.m */ = {isa = PBXFileReference; fileEncoding = 4; lastKnownFileType = sourcecode.c.objc; path = NNMotionManager.m; sourceTree = "<group>"; };
		5CCD5D801AB8E67E007E94BF /* NNReachabilityManager.h */ = {isa = PBXFileReference; fileEncoding = 4; lastKnownFileType = sourcecode.c.h; path = NNReachabilityManager.h; sourceTree = "<group>"; };
		5CCD5D811AB8E67E007E94BF /* NNReachabilityManager.m */ = {isa = PBXFileReference; fileEncoding = 4; lastKnownFileType = sourcecode.c.objc; path = NNReachabilityManager.m; sourceTree = "<group>"; };
		5CCD5D821AB8E67E007E94BF /* Reachability.h */ = {isa = PBXFileReference; fileEncoding = 4; lastKnownFileType = sourcecode.c.h; path = Reachability.h; sourceTree = "<group>"; };
		5CCD5D831AB8E67E007E94BF /* Reachability.m */ = {isa = PBXFileReference; fileEncoding = 4; lastKnownFileType = sourcecode.c.objc; path = Reachability.m; sourceTree = "<group>"; };
		5CCD5D851AB8E67E007E94BF /* NNSecurity.h */ = {isa = PBXFileReference; fileEncoding = 4; lastKnownFileType = sourcecode.c.h; path = NNSecurity.h; sourceTree = "<group>"; };
		5CCD5D861AB8E67E007E94BF /* NNSecurity.m */ = {isa = PBXFileReference; fileEncoding = 4; lastKnownFileType = sourcecode.c.objc; path = NNSecurity.m; sourceTree = "<group>"; };
		5CCD5D881AB8E67E007E94BF /* NNSimpleSoundsPlayer.h */ = {isa = PBXFileReference; fileEncoding = 4; lastKnownFileType = sourcecode.c.h; path = NNSimpleSoundsPlayer.h; sourceTree = "<group>"; };
		5CCD5D891AB8E67E007E94BF /* NNSimpleSoundsPlayer.m */ = {isa = PBXFileReference; fileEncoding = 4; lastKnownFileType = sourcecode.c.objc; path = NNSimpleSoundsPlayer.m; sourceTree = "<group>"; };
		5CCD5D8B1AB8E67E007E94BF /* NNStoreKitHelper.h */ = {isa = PBXFileReference; fileEncoding = 4; lastKnownFileType = sourcecode.c.h; path = NNStoreKitHelper.h; sourceTree = "<group>"; };
		5CCD5D8C1AB8E67E007E94BF /* NNStoreKitHelper.m */ = {isa = PBXFileReference; fileEncoding = 4; lastKnownFileType = sourcecode.c.objc; path = NNStoreKitHelper.m; sourceTree = "<group>"; };
		5CCD5D8F1AB8E67E007E94BF /* NNAsyncRequest.h */ = {isa = PBXFileReference; fileEncoding = 4; lastKnownFileType = sourcecode.c.h; path = NNAsyncRequest.h; sourceTree = "<group>"; };
		5CCD5D901AB8E67E007E94BF /* NNAsyncRequest.m */ = {isa = PBXFileReference; fileEncoding = 4; lastKnownFileType = sourcecode.c.objc; path = NNAsyncRequest.m; sourceTree = "<group>"; };
		5CCD5D941AB8E67E007E94BF /* NSDate+NNAdditions.h */ = {isa = PBXFileReference; fileEncoding = 4; lastKnownFileType = sourcecode.c.h; path = "NSDate+NNAdditions.h"; sourceTree = "<group>"; };
		5CCD5D951AB8E67E007E94BF /* NSDate+NNAdditions.m */ = {isa = PBXFileReference; fileEncoding = 4; lastKnownFileType = sourcecode.c.objc; path = "NSDate+NNAdditions.m"; sourceTree = "<group>"; };
		5CCD5D971AB8E67E007E94BF /* NSString+NNAdditions.h */ = {isa = PBXFileReference; fileEncoding = 4; lastKnownFileType = sourcecode.c.h; path = "NSString+NNAdditions.h"; sourceTree = "<group>"; };
		5CCD5D981AB8E67E007E94BF /* NSString+NNAdditions.m */ = {isa = PBXFileReference; fileEncoding = 4; lastKnownFileType = sourcecode.c.objc; path = "NSString+NNAdditions.m"; sourceTree = "<group>"; };
		5CCD5D9A1AB8E67E007E94BF /* NNSelectable.h */ = {isa = PBXFileReference; fileEncoding = 4; lastKnownFileType = sourcecode.c.h; path = NNSelectable.h; sourceTree = "<group>"; };
		5CCD5D9E1AB8E67E007E94BF /* CALayer+NNRuntimeAttributes.h */ = {isa = PBXFileReference; fileEncoding = 4; lastKnownFileType = sourcecode.c.h; path = "CALayer+NNRuntimeAttributes.h"; sourceTree = "<group>"; };
		5CCD5D9F1AB8E67E007E94BF /* CALayer+NNRuntimeAttributes.m */ = {isa = PBXFileReference; fileEncoding = 4; lastKnownFileType = sourcecode.c.objc; path = "CALayer+NNRuntimeAttributes.m"; sourceTree = "<group>"; };
		5CCD5DA11AB8E67E007E94BF /* UIAlertView+NNAdditions.h */ = {isa = PBXFileReference; fileEncoding = 4; lastKnownFileType = sourcecode.c.h; path = "UIAlertView+NNAdditions.h"; sourceTree = "<group>"; };
		5CCD5DA21AB8E67E007E94BF /* UIAlertView+NNAdditions.m */ = {isa = PBXFileReference; fileEncoding = 4; lastKnownFileType = sourcecode.c.objc; path = "UIAlertView+NNAdditions.m"; sourceTree = "<group>"; };
		5CCD5DA41AB8E67E007E94BF /* UIButton+NNAdditions.h */ = {isa = PBXFileReference; fileEncoding = 4; lastKnownFileType = sourcecode.c.h; path = "UIButton+NNAdditions.h"; sourceTree = "<group>"; };
		5CCD5DA51AB8E67E007E94BF /* UIButton+NNAdditions.m */ = {isa = PBXFileReference; fileEncoding = 4; lastKnownFileType = sourcecode.c.objc; path = "UIButton+NNAdditions.m"; sourceTree = "<group>"; };
		5CCD5DA71AB8E67E007E94BF /* UIImage+NNAdditions.h */ = {isa = PBXFileReference; fileEncoding = 4; lastKnownFileType = sourcecode.c.h; path = "UIImage+NNAdditions.h"; sourceTree = "<group>"; };
		5CCD5DA81AB8E67E007E94BF /* UIImage+NNAdditions.m */ = {isa = PBXFileReference; fileEncoding = 4; lastKnownFileType = sourcecode.c.objc; path = "UIImage+NNAdditions.m"; sourceTree = "<group>"; };
		5CCD5DAA1AB8E67E007E94BF /* UINavigationBar+NNAdditions.h */ = {isa = PBXFileReference; fileEncoding = 4; lastKnownFileType = sourcecode.c.h; path = "UINavigationBar+NNAdditions.h"; sourceTree = "<group>"; };
		5CCD5DAB1AB8E67E007E94BF /* UINavigationBar+NNAdditions.m */ = {isa = PBXFileReference; fileEncoding = 4; lastKnownFileType = sourcecode.c.objc; path = "UINavigationBar+NNAdditions.m"; sourceTree = "<group>"; };
		5CCD5DAD1AB8E67E007E94BF /* UINavigationController+NNAdditions.h */ = {isa = PBXFileReference; fileEncoding = 4; lastKnownFileType = sourcecode.c.h; path = "UINavigationController+NNAdditions.h"; sourceTree = "<group>"; };
		5CCD5DAE1AB8E67E007E94BF /* UINavigationController+NNAdditions.m */ = {isa = PBXFileReference; fileEncoding = 4; lastKnownFileType = sourcecode.c.objc; path = "UINavigationController+NNAdditions.m"; sourceTree = "<group>"; };
		5CCD5DB01AB8E67E007E94BF /* UIView+CGGeometry.h */ = {isa = PBXFileReference; fileEncoding = 4; lastKnownFileType = sourcecode.c.h; path = "UIView+CGGeometry.h"; sourceTree = "<group>"; };
		5CCD5DB11AB8E67E007E94BF /* UIView+CGGeometry.m */ = {isa = PBXFileReference; fileEncoding = 4; lastKnownFileType = sourcecode.c.objc; path = "UIView+CGGeometry.m"; sourceTree = "<group>"; };
		5CCD5DB21AB8E67E007E94BF /* UIView+NNAdditions.h */ = {isa = PBXFileReference; fileEncoding = 4; lastKnownFileType = sourcecode.c.h; path = "UIView+NNAdditions.h"; sourceTree = "<group>"; };
		5CCD5DB31AB8E67E007E94BF /* UIView+NNAdditions.m */ = {isa = PBXFileReference; fileEncoding = 4; lastKnownFileType = sourcecode.c.objc; path = "UIView+NNAdditions.m"; sourceTree = "<group>"; };
		5CCD5DB51AB8E67E007E94BF /* UIViewController+NNAdditions.h */ = {isa = PBXFileReference; fileEncoding = 4; lastKnownFileType = sourcecode.c.h; path = "UIViewController+NNAdditions.h"; sourceTree = "<group>"; };
		5CCD5DB61AB8E67E007E94BF /* UIViewController+NNAdditions.m */ = {isa = PBXFileReference; fileEncoding = 4; lastKnownFileType = sourcecode.c.objc; path = "UIViewController+NNAdditions.m"; sourceTree = "<group>"; };
		5CCD5DB91AB8E67E007E94BF /* NNAsyncImageView.h */ = {isa = PBXFileReference; fileEncoding = 4; lastKnownFileType = sourcecode.c.h; path = NNAsyncImageView.h; sourceTree = "<group>"; };
		5CCD5DBA1AB8E67E007E94BF /* NNAsyncImageView.m */ = {isa = PBXFileReference; fileEncoding = 4; lastKnownFileType = sourcecode.c.objc; path = NNAsyncImageView.m; sourceTree = "<group>"; };
		5CCD5DBC1AB8E67E007E94BF /* NNAutocompleteViewController.h */ = {isa = PBXFileReference; fileEncoding = 4; lastKnownFileType = sourcecode.c.h; path = NNAutocompleteViewController.h; sourceTree = "<group>"; };
		5CCD5DBD1AB8E67E007E94BF /* NNAutocompleteViewController.m */ = {isa = PBXFileReference; fileEncoding = 4; lastKnownFileType = sourcecode.c.objc; path = NNAutocompleteViewController.m; sourceTree = "<group>"; };
		5CCD5DBF1AB8E67E007E94BF /* NNAutolayoutLabel.h */ = {isa = PBXFileReference; fileEncoding = 4; lastKnownFileType = sourcecode.c.h; path = NNAutolayoutLabel.h; sourceTree = "<group>"; };
		5CCD5DC01AB8E67E007E94BF /* NNAutolayoutLabel.m */ = {isa = PBXFileReference; fileEncoding = 4; lastKnownFileType = sourcecode.c.objc; path = NNAutolayoutLabel.m; sourceTree = "<group>"; };
		5CCD5DC21AB8E67E007E94BF /* NNCustomDatePicker.h */ = {isa = PBXFileReference; fileEncoding = 4; lastKnownFileType = sourcecode.c.h; path = NNCustomDatePicker.h; sourceTree = "<group>"; };
		5CCD5DC31AB8E67E007E94BF /* NNCustomDatePicker.m */ = {isa = PBXFileReference; fileEncoding = 4; lastKnownFileType = sourcecode.c.objc; path = NNCustomDatePicker.m; sourceTree = "<group>"; };
		5CCD5DC51AB8E67E007E94BF /* NNInsetTextField.h */ = {isa = PBXFileReference; fileEncoding = 4; lastKnownFileType = sourcecode.c.h; path = NNInsetTextField.h; sourceTree = "<group>"; };
		5CCD5DC61AB8E67E007E94BF /* NNInsetTextField.m */ = {isa = PBXFileReference; fileEncoding = 4; lastKnownFileType = sourcecode.c.objc; path = NNInsetTextField.m; sourceTree = "<group>"; };
		5CCD5DC91AB8E67E007E94BF /* NNDatePickerField.h */ = {isa = PBXFileReference; fileEncoding = 4; lastKnownFileType = sourcecode.c.h; path = NNDatePickerField.h; sourceTree = "<group>"; };
		5CCD5DCA1AB8E67E007E94BF /* NNDatePickerField.m */ = {isa = PBXFileReference; fileEncoding = 4; lastKnownFileType = sourcecode.c.objc; path = NNDatePickerField.m; sourceTree = "<group>"; };
		5CCD5DCC1AB8E67E007E94BF /* NNNumberPickerField.h */ = {isa = PBXFileReference; fileEncoding = 4; lastKnownFileType = sourcecode.c.h; path = NNNumberPickerField.h; sourceTree = "<group>"; };
		5CCD5DCD1AB8E67E007E94BF /* NNNumberPickerField.m */ = {isa = PBXFileReference; fileEncoding = 4; lastKnownFileType = sourcecode.c.objc; path = NNNumberPickerField.m; sourceTree = "<group>"; };
		5CCD5DCF1AB8E67E007E94BF /* NNObjectPickerField.h */ = {isa = PBXFileReference; fileEncoding = 4; lastKnownFileType = sourcecode.c.h; path = NNObjectPickerField.h; sourceTree = "<group>"; };
		5CCD5DD01AB8E67E007E94BF /* NNObjectPickerField.m */ = {isa = PBXFileReference; fileEncoding = 4; lastKnownFileType = sourcecode.c.objc; path = NNObjectPickerField.m; sourceTree = "<group>"; };
		5CCD5DD11AB8E67E007E94BF /* NNPickerField.h */ = {isa = PBXFileReference; fileEncoding = 4; lastKnownFileType = sourcecode.c.h; path = NNPickerField.h; sourceTree = "<group>"; };
		5CCD5DD21AB8E67E007E94BF /* NNPickerField.m */ = {isa = PBXFileReference; fileEncoding = 4; lastKnownFileType = sourcecode.c.objc; path = NNPickerField.m; sourceTree = "<group>"; };
		5CCD5DD41AB8E67E007E94BF /* NNPickerInputView.h */ = {isa = PBXFileReference; fileEncoding = 4; lastKnownFileType = sourcecode.c.h; path = NNPickerInputView.h; sourceTree = "<group>"; };
		5CCD5DD51AB8E67E007E94BF /* NNPickerInputView.m */ = {isa = PBXFileReference; fileEncoding = 4; lastKnownFileType = sourcecode.c.objc; path = NNPickerInputView.m; sourceTree = "<group>"; };
		5CCD5DD71AB8E67E007E94BF /* NNCustomSwitch.h */ = {isa = PBXFileReference; fileEncoding = 4; lastKnownFileType = sourcecode.c.h; path = NNCustomSwitch.h; sourceTree = "<group>"; };
		5CCD5DD81AB8E67E007E94BF /* NNCustomSwitch.m */ = {isa = PBXFileReference; fileEncoding = 4; lastKnownFileType = sourcecode.c.objc; path = NNCustomSwitch.m; sourceTree = "<group>"; };
		5CCD5DDB1AB8E67E007E94BF /* NNLogger.h */ = {isa = PBXFileReference; fileEncoding = 4; lastKnownFileType = sourcecode.c.h; path = NNLogger.h; sourceTree = "<group>"; };
		5CCD5DDC1AB8E67E007E94BF /* NNLogger.m */ = {isa = PBXFileReference; fileEncoding = 4; lastKnownFileType = sourcecode.c.objc; path = NNLogger.m; sourceTree = "<group>"; };
		5CCD5DDE1AB8E67E007E94BF /* NNUtilities.h */ = {isa = PBXFileReference; fileEncoding = 4; lastKnownFileType = sourcecode.c.h; path = NNUtilities.h; sourceTree = "<group>"; };
		5CCD5DDF1AB8E67E007E94BF /* NNUtilities.m */ = {isa = PBXFileReference; fileEncoding = 4; lastKnownFileType = sourcecode.c.objc; path = NNUtilities.m; sourceTree = "<group>"; };
		5CCD5DE11AB8E67E007E94BF /* NNConstants.h */ = {isa = PBXFileReference; fileEncoding = 4; lastKnownFileType = sourcecode.c.h; path = NNConstants.h; sourceTree = "<group>"; };
		5CCD5DE21AB8E67E007E94BF /* NNLibraries.h */ = {isa = PBXFileReference; fileEncoding = 4; lastKnownFileType = sourcecode.c.h; path = NNLibraries.h; sourceTree = "<group>"; };
		5CCD5DE31AB8E67E007E94BF /* NNLibrariesEssentials.h */ = {isa = PBXFileReference; fileEncoding = 4; lastKnownFileType = sourcecode.c.h; path = NNLibrariesEssentials.h; sourceTree = "<group>"; };
		5CCD5DE41AB8E67E007E94BF /* NNLibrariesNSFoundation.h */ = {isa = PBXFileReference; fileEncoding = 4; lastKnownFileType = sourcecode.c.h; path = NNLibrariesNSFoundation.h; sourceTree = "<group>"; };
		5CCD5DE51AB8E67E007E94BF /* NNLibrariesUIKit.h */ = {isa = PBXFileReference; fileEncoding = 4; lastKnownFileType = sourcecode.c.h; path = NNLibrariesUIKit.h; sourceTree = "<group>"; };
		5CCD5DE71AB8E67E007E94BF /* NNLibraries-info.plist */ = {isa = PBXFileReference; fileEncoding = 4; lastKnownFileType = text.plist.xml; path = "NNLibraries-info.plist"; sourceTree = "<group>"; };
		5CCD5DE91AB8E67E007E94BF /* NNAutocompleteViewController.xib */ = {isa = PBXFileReference; fileEncoding = 4; lastKnownFileType = file.xib; path = NNAutocompleteViewController.xib; sourceTree = "<group>"; };
		5CCD5E0E1AB8E685007E94BF /* MBProgressHUD.h */ = {isa = PBXFileReference; fileEncoding = 4; lastKnownFileType = sourcecode.c.h; path = MBProgressHUD.h; sourceTree = "<group>"; };
		5CCD5E0F1AB8E685007E94BF /* MBProgressHUD.m */ = {isa = PBXFileReference; fileEncoding = 4; lastKnownFileType = sourcecode.c.objc; path = MBProgressHUD.m; sourceTree = "<group>"; };
/* End PBXFileReference section */

/* Begin PBXFrameworksBuildPhase section */
		5C0157B91A4BF3B200F6ECAF /* Frameworks */ = {
			isa = PBXFrameworksBuildPhase;
			buildActionMask = 2147483647;
			files = (
			);
			runOnlyForDeploymentPostprocessing = 0;
		};
/* End PBXFrameworksBuildPhase section */

/* Begin PBXGroup section */
		5CCD5D721AB8E67E007E94BF /* Classes */ = {
			isa = PBXGroup;
			children = (
				5CCD5D9B1AB8E67E007E94BF /* UIKit */,
				5CCD5D911AB8E67E007E94BF /* NSFoundation */,
				5CCD5D731AB8E67E007E94BF /* Frameworks */,
				5CCD5D8D1AB8E67E007E94BF /* Networking */,
				5CCD5D991AB8E67E007E94BF /* Protocols */,
				5CCD5DD91AB8E67E007E94BF /* Utilities */,
			);
			path = Classes;
			sourceTree = "<group>";
		};
		5CCD5D731AB8E67E007E94BF /* Frameworks */ = {
			isa = PBXGroup;
			children = (
				5CCD5D741AB8E67E007E94BF /* NNKeyValueDB */,
				5CCD5D791AB8E67E007E94BF /* NNLocationManager */,
				5CCD5D7C1AB8E67E007E94BF /* NNMotionManager */,
				5CCD5D7F1AB8E67E007E94BF /* NNReachability */,
				5CCD5D841AB8E67E007E94BF /* NNSecurity */,
				5CCD5D871AB8E67E007E94BF /* NNSimpleSoundsPlayer */,
				5CCD5D8A1AB8E67E007E94BF /* NNStoreKitHelper */,
			);
			path = Frameworks;
			sourceTree = "<group>";
		};
		5CCD5D741AB8E67E007E94BF /* NNKeyValueDB */ = {
			isa = PBXGroup;
			children = (
				5CCD5D751AB8E67E007E94BF /* NNKeyValueDB.h */,
				5CCD5D761AB8E67E007E94BF /* NNKeyValueDB.m */,
				5CCD5D771AB8E67E007E94BF /* NNKeyValueDBManager.h */,
				5CCD5D781AB8E67E007E94BF /* NNKeyValueDBManager.m */,
			);
			path = NNKeyValueDB;
			sourceTree = "<group>";
		};
		5CCD5D791AB8E67E007E94BF /* NNLocationManager */ = {
			isa = PBXGroup;
			children = (
				5CCD5D7A1AB8E67E007E94BF /* NNLocationManager.h */,
				5CCD5D7B1AB8E67E007E94BF /* NNLocationManager.m */,
			);
			path = NNLocationManager;
			sourceTree = "<group>";
		};
		5CCD5D7C1AB8E67E007E94BF /* NNMotionManager */ = {
			isa = PBXGroup;
			children = (
				5CCD5D7D1AB8E67E007E94BF /* NNMotionManager.h */,
				5CCD5D7E1AB8E67E007E94BF /* NNMotionManager.m */,
			);
			path = NNMotionManager;
			sourceTree = "<group>";
		};
		5CCD5D7F1AB8E67E007E94BF /* NNReachability */ = {
			isa = PBXGroup;
			children = (
				5CCD5D801AB8E67E007E94BF /* NNReachabilityManager.h */,
				5CCD5D811AB8E67E007E94BF /* NNReachabilityManager.m */,
				5CCD5D821AB8E67E007E94BF /* Reachability.h */,
				5CCD5D831AB8E67E007E94BF /* Reachability.m */,
			);
			path = NNReachability;
			sourceTree = "<group>";
		};
		5CCD5D841AB8E67E007E94BF /* NNSecurity */ = {
			isa = PBXGroup;
			children = (
				5CCD5D851AB8E67E007E94BF /* NNSecurity.h */,
				5CCD5D861AB8E67E007E94BF /* NNSecurity.m */,
			);
			path = NNSecurity;
			sourceTree = "<group>";
		};
		5CCD5D871AB8E67E007E94BF /* NNSimpleSoundsPlayer */ = {
			isa = PBXGroup;
			children = (
				5CCD5D881AB8E67E007E94BF /* NNSimpleSoundsPlayer.h */,
				5CCD5D891AB8E67E007E94BF /* NNSimpleSoundsPlayer.m */,
			);
			path = NNSimpleSoundsPlayer;
			sourceTree = "<group>";
		};
		5CCD5D8A1AB8E67E007E94BF /* NNStoreKitHelper */ = {
			isa = PBXGroup;
			children = (
				5CCD5D8B1AB8E67E007E94BF /* NNStoreKitHelper.h */,
				5CCD5D8C1AB8E67E007E94BF /* NNStoreKitHelper.m */,
			);
			path = NNStoreKitHelper;
			sourceTree = "<group>";
		};
		5CCD5D8D1AB8E67E007E94BF /* Networking */ = {
			isa = PBXGroup;
			children = (
				5CCD5D8E1AB8E67E007E94BF /* NNAsyncRequest */,
			);
			path = Networking;
			sourceTree = "<group>";
		};
		5CCD5D8E1AB8E67E007E94BF /* NNAsyncRequest */ = {
			isa = PBXGroup;
			children = (
				5CCD5D8F1AB8E67E007E94BF /* NNAsyncRequest.h */,
				5CCD5D901AB8E67E007E94BF /* NNAsyncRequest.m */,
			);
			path = NNAsyncRequest;
			sourceTree = "<group>";
		};
		5CCD5D911AB8E67E007E94BF /* NSFoundation */ = {
			isa = PBXGroup;
			children = (
				5CCD5D921AB8E67E007E94BF /* Categories */,
			);
			path = NSFoundation;
			sourceTree = "<group>";
		};
		5CCD5D921AB8E67E007E94BF /* Categories */ = {
			isa = PBXGroup;
			children = (
				5CCD5D931AB8E67E007E94BF /* NSDate */,
				5CCD5D961AB8E67E007E94BF /* NSString */,
			);
			path = Categories;
			sourceTree = "<group>";
		};
		5CCD5D931AB8E67E007E94BF /* NSDate */ = {
			isa = PBXGroup;
			children = (
				5CCD5D941AB8E67E007E94BF /* NSDate+NNAdditions.h */,
				5CCD5D951AB8E67E007E94BF /* NSDate+NNAdditions.m */,
			);
			path = NSDate;
			sourceTree = "<group>";
		};
		5CCD5D961AB8E67E007E94BF /* NSString */ = {
			isa = PBXGroup;
			children = (
				5CCD5D971AB8E67E007E94BF /* NSString+NNAdditions.h */,
				5CCD5D981AB8E67E007E94BF /* NSString+NNAdditions.m */,
			);
			path = NSString;
			sourceTree = "<group>";
		};
		5CCD5D991AB8E67E007E94BF /* Protocols */ = {
			isa = PBXGroup;
			children = (
				5CCD5D9A1AB8E67E007E94BF /* NNSelectable.h */,
			);
			path = Protocols;
			sourceTree = "<group>";
		};
		5CCD5D9B1AB8E67E007E94BF /* UIKit */ = {
			isa = PBXGroup;
			children = (
				5CCD5D9C1AB8E67E007E94BF /* Categories */,
				5CCD5DB71AB8E67E007E94BF /* Components */,
			);
			path = UIKit;
			sourceTree = "<group>";
		};
		5CCD5D9C1AB8E67E007E94BF /* Categories */ = {
			isa = PBXGroup;
			children = (
				5CCD5D9D1AB8E67E007E94BF /* CALayer */,
				5CCD5DA01AB8E67E007E94BF /* UIAlertView */,
				5CCD5DA31AB8E67E007E94BF /* UIButton */,
				5CCD5DA61AB8E67E007E94BF /* UIImage */,
				5CCD5DA91AB8E67E007E94BF /* UINavigationBar */,
				5CCD5DAC1AB8E67E007E94BF /* UINavigationController */,
				5CCD5DAF1AB8E67E007E94BF /* UIView */,
				5CCD5DB41AB8E67E007E94BF /* UIViewController */,
			);
			path = Categories;
			sourceTree = "<group>";
		};
		5CCD5D9D1AB8E67E007E94BF /* CALayer */ = {
			isa = PBXGroup;
			children = (
				5CCD5D9E1AB8E67E007E94BF /* CALayer+NNRuntimeAttributes.h */,
				5CCD5D9F1AB8E67E007E94BF /* CALayer+NNRuntimeAttributes.m */,
			);
			path = CALayer;
			sourceTree = "<group>";
		};
		5CCD5DA01AB8E67E007E94BF /* UIAlertView */ = {
			isa = PBXGroup;
			children = (
				5CCD5DA11AB8E67E007E94BF /* UIAlertView+NNAdditions.h */,
				5CCD5DA21AB8E67E007E94BF /* UIAlertView+NNAdditions.m */,
			);
			path = UIAlertView;
			sourceTree = "<group>";
		};
		5CCD5DA31AB8E67E007E94BF /* UIButton */ = {
			isa = PBXGroup;
			children = (
				5CCD5DA41AB8E67E007E94BF /* UIButton+NNAdditions.h */,
				5CCD5DA51AB8E67E007E94BF /* UIButton+NNAdditions.m */,
			);
			path = UIButton;
			sourceTree = "<group>";
		};
		5CCD5DA61AB8E67E007E94BF /* UIImage */ = {
			isa = PBXGroup;
			children = (
				5CCD5DA71AB8E67E007E94BF /* UIImage+NNAdditions.h */,
				5CCD5DA81AB8E67E007E94BF /* UIImage+NNAdditions.m */,
			);
			path = UIImage;
			sourceTree = "<group>";
		};
		5CCD5DA91AB8E67E007E94BF /* UINavigationBar */ = {
			isa = PBXGroup;
			children = (
				5CCD5DAA1AB8E67E007E94BF /* UINavigationBar+NNAdditions.h */,
				5CCD5DAB1AB8E67E007E94BF /* UINavigationBar+NNAdditions.m */,
			);
			path = UINavigationBar;
			sourceTree = "<group>";
		};
		5CCD5DAC1AB8E67E007E94BF /* UINavigationController */ = {
			isa = PBXGroup;
			children = (
				5CCD5DAD1AB8E67E007E94BF /* UINavigationController+NNAdditions.h */,
				5CCD5DAE1AB8E67E007E94BF /* UINavigationController+NNAdditions.m */,
			);
			path = UINavigationController;
			sourceTree = "<group>";
		};
		5CCD5DAF1AB8E67E007E94BF /* UIView */ = {
			isa = PBXGroup;
			children = (
				5CCD5DB01AB8E67E007E94BF /* UIView+CGGeometry.h */,
				5CCD5DB11AB8E67E007E94BF /* UIView+CGGeometry.m */,
				5CCD5DB21AB8E67E007E94BF /* UIView+NNAdditions.h */,
				5CCD5DB31AB8E67E007E94BF /* UIView+NNAdditions.m */,
			);
			path = UIView;
			sourceTree = "<group>";
		};
		5CCD5DB41AB8E67E007E94BF /* UIViewController */ = {
			isa = PBXGroup;
			children = (
				5CCD5DB51AB8E67E007E94BF /* UIViewController+NNAdditions.h */,
				5CCD5DB61AB8E67E007E94BF /* UIViewController+NNAdditions.m */,
			);
			path = UIViewController;
			sourceTree = "<group>";
		};
		5CCD5DB71AB8E67E007E94BF /* Components */ = {
			isa = PBXGroup;
			children = (
				5CCD5DB81AB8E67E007E94BF /* NNAsyncImageView */,
				5CCD5DBB1AB8E67E007E94BF /* NNAutocompleteViewController */,
				5CCD5DBE1AB8E67E007E94BF /* NNAutolayoutLabel */,
				5CCD5DC11AB8E67E007E94BF /* NNCustomDatePicker */,
				5CCD5DC41AB8E67E007E94BF /* NNInsetTextField */,
				5CCD5DC71AB8E67E007E94BF /* NNPickerField */,
				5CCD5DD31AB8E67E007E94BF /* NNPickerInputView */,
				5CCD5DD61AB8E67E007E94BF /* NNSwitch */,
			);
			path = Components;
			sourceTree = "<group>";
		};
		5CCD5DB81AB8E67E007E94BF /* NNAsyncImageView */ = {
			isa = PBXGroup;
			children = (
				5CCD5DB91AB8E67E007E94BF /* NNAsyncImageView.h */,
				5CCD5DBA1AB8E67E007E94BF /* NNAsyncImageView.m */,
			);
			path = NNAsyncImageView;
			sourceTree = "<group>";
		};
		5CCD5DBB1AB8E67E007E94BF /* NNAutocompleteViewController */ = {
			isa = PBXGroup;
			children = (
				5CCD5DBC1AB8E67E007E94BF /* NNAutocompleteViewController.h */,
				5CCD5DBD1AB8E67E007E94BF /* NNAutocompleteViewController.m */,
			);
			path = NNAutocompleteViewController;
			sourceTree = "<group>";
		};
		5CCD5DBE1AB8E67E007E94BF /* NNAutolayoutLabel */ = {
			isa = PBXGroup;
			children = (
				5CCD5DBF1AB8E67E007E94BF /* NNAutolayoutLabel.h */,
				5CCD5DC01AB8E67E007E94BF /* NNAutolayoutLabel.m */,
			);
			path = NNAutolayoutLabel;
			sourceTree = "<group>";
		};
		5CCD5DC11AB8E67E007E94BF /* NNCustomDatePicker */ = {
			isa = PBXGroup;
			children = (
				5CCD5DC21AB8E67E007E94BF /* NNCustomDatePicker.h */,
				5CCD5DC31AB8E67E007E94BF /* NNCustomDatePicker.m */,
			);
			path = NNCustomDatePicker;
			sourceTree = "<group>";
		};
		5CCD5DC41AB8E67E007E94BF /* NNInsetTextField */ = {
			isa = PBXGroup;
			children = (
				5CCD5DC51AB8E67E007E94BF /* NNInsetTextField.h */,
				5CCD5DC61AB8E67E007E94BF /* NNInsetTextField.m */,
			);
			path = NNInsetTextField;
			sourceTree = "<group>";
		};
		5CCD5DC71AB8E67E007E94BF /* NNPickerField */ = {
			isa = PBXGroup;
			children = (
				5CCD5DC81AB8E67E007E94BF /* NNDatePickerField */,
				5CCD5DCB1AB8E67E007E94BF /* NNNumberPickerField */,
				5CCD5DCE1AB8E67E007E94BF /* NNObjectPickerField */,
				5CCD5DD11AB8E67E007E94BF /* NNPickerField.h */,
				5CCD5DD21AB8E67E007E94BF /* NNPickerField.m */,
			);
			path = NNPickerField;
			sourceTree = "<group>";
		};
		5CCD5DC81AB8E67E007E94BF /* NNDatePickerField */ = {
			isa = PBXGroup;
			children = (
				5CCD5DC91AB8E67E007E94BF /* NNDatePickerField.h */,
				5CCD5DCA1AB8E67E007E94BF /* NNDatePickerField.m */,
			);
			path = NNDatePickerField;
			sourceTree = "<group>";
		};
		5CCD5DCB1AB8E67E007E94BF /* NNNumberPickerField */ = {
			isa = PBXGroup;
			children = (
				5CCD5DCC1AB8E67E007E94BF /* NNNumberPickerField.h */,
				5CCD5DCD1AB8E67E007E94BF /* NNNumberPickerField.m */,
			);
			path = NNNumberPickerField;
			sourceTree = "<group>";
		};
		5CCD5DCE1AB8E67E007E94BF /* NNObjectPickerField */ = {
			isa = PBXGroup;
			children = (
				5CCD5DCF1AB8E67E007E94BF /* NNObjectPickerField.h */,
				5CCD5DD01AB8E67E007E94BF /* NNObjectPickerField.m */,
			);
			path = NNObjectPickerField;
			sourceTree = "<group>";
		};
		5CCD5DD31AB8E67E007E94BF /* NNPickerInputView */ = {
			isa = PBXGroup;
			children = (
				5CCD5DD41AB8E67E007E94BF /* NNPickerInputView.h */,
				5CCD5DD51AB8E67E007E94BF /* NNPickerInputView.m */,
			);
			path = NNPickerInputView;
			sourceTree = "<group>";
		};
		5CCD5DD61AB8E67E007E94BF /* NNSwitch */ = {
			isa = PBXGroup;
			children = (
				5CCD5DD71AB8E67E007E94BF /* NNCustomSwitch.h */,
				5CCD5DD81AB8E67E007E94BF /* NNCustomSwitch.m */,
			);
			path = NNSwitch;
			sourceTree = "<group>";
		};
		5CCD5DD91AB8E67E007E94BF /* Utilities */ = {
			isa = PBXGroup;
			children = (
				5CCD5DDA1AB8E67E007E94BF /* NNLogger */,
				5CCD5DDD1AB8E67E007E94BF /* NNUtilities */,
			);
			path = Utilities;
			sourceTree = "<group>";
		};
		5CCD5DDA1AB8E67E007E94BF /* NNLogger */ = {
			isa = PBXGroup;
			children = (
				5CCD5DDB1AB8E67E007E94BF /* NNLogger.h */,
				5CCD5DDC1AB8E67E007E94BF /* NNLogger.m */,
			);
			path = NNLogger;
			sourceTree = "<group>";
		};
		5CCD5DDD1AB8E67E007E94BF /* NNUtilities */ = {
			isa = PBXGroup;
			children = (
				5CCD5DDE1AB8E67E007E94BF /* NNUtilities.h */,
				5CCD5DDF1AB8E67E007E94BF /* NNUtilities.m */,
			);
			path = NNUtilities;
			sourceTree = "<group>";
		};
		5CCD5DE01AB8E67E007E94BF /* NNLibraries */ = {
			isa = PBXGroup;
			children = (
				5CCD5DE11AB8E67E007E94BF /* NNConstants.h */,
				5CCD5DE21AB8E67E007E94BF /* NNLibraries.h */,
				5CCD5DE31AB8E67E007E94BF /* NNLibrariesEssentials.h */,
				5CCD5DE41AB8E67E007E94BF /* NNLibrariesNSFoundation.h */,
				5CCD5DE51AB8E67E007E94BF /* NNLibrariesUIKit.h */,
			);
			path = NNLibraries;
			sourceTree = "<group>";
		};
		5CCD5DE61AB8E67E007E94BF /* Resources */ = {
			isa = PBXGroup;
			children = (
				5CCD5DE71AB8E67E007E94BF /* NNLibraries-info.plist */,
				5CCD5DE81AB8E67E007E94BF /* XIBs */,
			);
			path = Resources;
			sourceTree = "<group>";
		};
		5CCD5DE81AB8E67E007E94BF /* XIBs */ = {
			isa = PBXGroup;
			children = (
				5CCD5DE91AB8E67E007E94BF /* NNAutocompleteViewController.xib */,
			);
			path = XIBs;
			sourceTree = "<group>";
		};
		5CCD5E0C1AB8E685007E94BF /* ThirdParty */ = {
			isa = PBXGroup;
			children = (
				5CCD5E0D1AB8E685007E94BF /* MBProgressHUD */,
			);
			path = ThirdParty;
			sourceTree = "<group>";
		};
		5CCD5E0D1AB8E685007E94BF /* MBProgressHUD */ = {
			isa = PBXGroup;
			children = (
				5CCD5E0E1AB8E685007E94BF /* MBProgressHUD.h */,
				5CCD5E0F1AB8E685007E94BF /* MBProgressHUD.m */,
			);
			path = MBProgressHUD;
			sourceTree = "<group>";
		};
		5CE461661A4459780027FF22 = {
			isa = PBXGroup;
			children = (
				5CCD5DE01AB8E67E007E94BF /* NNLibraries */,
				5CCD5D721AB8E67E007E94BF /* Classes */,
				5CCD5DE61AB8E67E007E94BF /* Resources */,
				5CCD5E0C1AB8E685007E94BF /* ThirdParty */,
				5CE461701A4459780027FF22 /* Products */,
			);
			sourceTree = "<group>";
		};
		5CE461701A4459780027FF22 /* Products */ = {
			isa = PBXGroup;
			children = (
				5C0157BC1A4BF3B200F6ECAF /* NNLibraries.a */,
			);
			name = Products;
			sourceTree = "<group>";
		};
/* End PBXGroup section */

/* Begin PBXHeadersBuildPhase section */
		5CCD5E111AB8E80D007E94BF /* Headers */ = {
			isa = PBXHeadersBuildPhase;
			buildActionMask = 2147483647;
			files = (
				5CCD5E131AB8E898007E94BF /* NNLibraries.h in Headers */,
				5CCD5E141AB8E898007E94BF /* NNLibrariesEssentials.h in Headers */,
				5CCD5E151AB8E898007E94BF /* NNLibrariesNSFoundation.h in Headers */,
				5CCD5E161AB8E898007E94BF /* NNLibrariesUIKit.h in Headers */,
				5CCD5E171AB8E898007E94BF /* NNKeyValueDB.h in Headers */,
				5CCD5E251AB8E898007E94BF /* NNSimpleSoundsPlayer.h in Headers */,
				5CCD5E191AB8E898007E94BF /* NNKeyValueDBManager.h in Headers */,
				5CCD5E1B1AB8E898007E94BF /* NNLocationManager.h in Headers */,
				5CCD5E1D1AB8E898007E94BF /* NNMotionManager.h in Headers */,
				5CCD5E1F1AB8E898007E94BF /* NNReachabilityManager.h in Headers */,
				5CCD5E211AB8E898007E94BF /* Reachability.h in Headers */,
				5CCD5E231AB8E898007E94BF /* NNSecurity.h in Headers */,
				5CCD5E271AB8E898007E94BF /* NNStoreKitHelper.h in Headers */,
				5CCD5E291AB8E898007E94BF /* NNAsyncRequest.h in Headers */,
				5CCD5E2B1AB8E898007E94BF /* NSDate+NNAdditions.h in Headers */,
				5CCD5E2D1AB8E898007E94BF /* NSString+NNAdditions.h in Headers */,
				5CCD5E2F1AB8E898007E94BF /* NNSelectable.h in Headers */,
				5CCD5E301AB8E898007E94BF /* CALayer+NNRuntimeAttributes.h in Headers */,
				5CCD5E321AB8E898007E94BF /* UIAlertView+NNAdditions.h in Headers */,
				5CCD5E341AB8E898007E94BF /* UIButton+NNAdditions.h in Headers */,
				5CCD5E361AB8E898007E94BF /* UIImage+NNAdditions.h in Headers */,
				5CCD5E381AB8E898007E94BF /* UINavigationBar+NNAdditions.h in Headers */,
				5CCD5E3A1AB8E898007E94BF /* UINavigationController+NNAdditions.h in Headers */,
				5CCD5E3C1AB8E898007E94BF /* UIView+CGGeometry.h in Headers */,
				5CCD5E3E1AB8E899007E94BF /* UIView+NNAdditions.h in Headers */,
				5CCD5E401AB8E899007E94BF /* UIViewController+NNAdditions.h in Headers */,
				5CCD5E421AB8E899007E94BF /* NNAsyncImageView.h in Headers */,
				5CCD5E441AB8E899007E94BF /* NNAutocompleteViewController.h in Headers */,
				5CCD5E461AB8E899007E94BF /* NNAutolayoutLabel.h in Headers */,
				5CCD5E481AB8E899007E94BF /* NNCustomDatePicker.h in Headers */,
				5CCD5E4A1AB8E899007E94BF /* NNInsetTextField.h in Headers */,
				5CCD5E4C1AB8E899007E94BF /* NNDatePickerField.h in Headers */,
				5CCD5E4E1AB8E899007E94BF /* NNNumberPickerField.h in Headers */,
				5CCD5E501AB8E899007E94BF /* NNObjectPickerField.h in Headers */,
				5CCD5E521AB8E899007E94BF /* NNPickerField.h in Headers */,
				5CCD5E541AB8E89A007E94BF /* NNPickerInputView.h in Headers */,
				5CCD5E561AB8E89A007E94BF /* NNCustomSwitch.h in Headers */,
				5CCD5E581AB8E89A007E94BF /* NNLogger.h in Headers */,
				5CCD5E5A1AB8E89A007E94BF /* NNUtilities.h in Headers */,
				5CCD5E121AB8E813007E94BF /* NNConstants.h in Headers */,
			);
			runOnlyForDeploymentPostprocessing = 0;
		};
/* End PBXHeadersBuildPhase section */

/* Begin PBXNativeTarget section */
		5C0157BB1A4BF3B200F6ECAF /* NNLibraries */ = {
			isa = PBXNativeTarget;
			buildConfigurationList = 5C0157CD1A4BF3B200F6ECAF /* Build configuration list for PBXNativeTarget "NNLibraries" */;
			buildPhases = (
				5C0157B81A4BF3B200F6ECAF /* Sources */,
				5C0157B91A4BF3B200F6ECAF /* Frameworks */,
				5C0157BA1A4BF3B200F6ECAF /* CopyFiles */,
				5CCD5E111AB8E80D007E94BF /* Headers */,
			);
			buildRules = (
			);
			dependencies = (
			);
			name = NNLibraries;
			productName = NNLibraries;
			productReference = 5C0157BC1A4BF3B200F6ECAF /* NNLibraries.a */;
			productType = "com.apple.product-type.library.static";
		};
/* End PBXNativeTarget section */

/* Begin PBXProject section */
		5CE461671A4459780027FF22 /* Project object */ = {
			isa = PBXProject;
			attributes = {
				LastUpgradeCheck = 0610;
				ORGANIZATIONNAME = natanavra;
				TargetAttributes = {
					5C0157BB1A4BF3B200F6ECAF = {
						CreatedOnToolsVersion = 6.1.1;
					};
				};
			};
			buildConfigurationList = 5CE4616A1A4459780027FF22 /* Build configuration list for PBXProject "NNLibraries" */;
			compatibilityVersion = "Xcode 3.2";
			developmentRegion = English;
			hasScannedForEncodings = 0;
			knownRegions = (
				en,
			);
			mainGroup = 5CE461661A4459780027FF22;
			productRefGroup = 5CE461701A4459780027FF22 /* Products */;
			projectDirPath = "";
			projectRoot = "";
			targets = (
				5C0157BB1A4BF3B200F6ECAF /* NNLibraries */,
			);
		};
/* End PBXProject section */

/* Begin PBXSourcesBuildPhase section */
		5C0157B81A4BF3B200F6ECAF /* Sources */ = {
			isa = PBXSourcesBuildPhase;
			buildActionMask = 2147483647;
			files = (
				5CCD5E061AB8E67E007E94BF /* NNObjectPickerField.m in Sources */,
				5CCD5DF11AB8E67E007E94BF /* NNSimpleSoundsPlayer.m in Sources */,
				5CCD5DEE1AB8E67E007E94BF /* NNReachabilityManager.m in Sources */,
				5CCD5DFE1AB8E67E007E94BF /* UIViewController+NNAdditions.m in Sources */,
				5CCD5DFF1AB8E67E007E94BF /* NNAsyncImageView.m in Sources */,
				5CCD5DF41AB8E67E007E94BF /* NSDate+NNAdditions.m in Sources */,
				5CCD5E071AB8E67E007E94BF /* NNPickerField.m in Sources */,
				5CCD5DEC1AB8E67E007E94BF /* NNLocationManager.m in Sources */,
				5CCD5DED1AB8E67E007E94BF /* NNMotionManager.m in Sources */,
				5CCD5DEA1AB8E67E007E94BF /* NNKeyValueDB.m in Sources */,
				5CCD5DF21AB8E67E007E94BF /* NNStoreKitHelper.m in Sources */,
				5CCD5E031AB8E67E007E94BF /* NNInsetTextField.m in Sources */,
				5CCD5E011AB8E67E007E94BF /* NNAutolayoutLabel.m in Sources */,
				5CCD5DFA1AB8E67E007E94BF /* UINavigationBar+NNAdditions.m in Sources */,
				5CCD5E001AB8E67E007E94BF /* NNAutocompleteViewController.m in Sources */,
				5CCD5E081AB8E67E007E94BF /* NNPickerInputView.m in Sources */,
				5CCD5DF91AB8E67E007E94BF /* UIImage+NNAdditions.m in Sources */,
				5CCD5DF71AB8E67E007E94BF /* UIAlertView+NNAdditions.m in Sources */,
				5CCD5DF61AB8E67E007E94BF /* CALayer+NNRuntimeAttributes.m in Sources */,
				5CCD5DFC1AB8E67E007E94BF /* UIView+CGGeometry.m in Sources */,
				5CCD5E091AB8E67E007E94BF /* NNCustomSwitch.m in Sources */,
				5CCD5E0A1AB8E67E007E94BF /* NNLogger.m in Sources */,
				5CCD5E0B1AB8E67E007E94BF /* NNUtilities.m in Sources */,
				5CCD5DFB1AB8E67E007E94BF /* UINavigationController+NNAdditions.m in Sources */,
				5CCD5DF31AB8E67E007E94BF /* NNAsyncRequest.m in Sources */,
				5CCD5E021AB8E67E007E94BF /* NNCustomDatePicker.m in Sources */,
				5CCD5DF01AB8E67E007E94BF /* NNSecurity.m in Sources */,
				5CCD5E101AB8E685007E94BF /* MBProgressHUD.m in Sources */,
				5CCD5DF81AB8E67E007E94BF /* UIButton+NNAdditions.m in Sources */,
				5CCD5E041AB8E67E007E94BF /* NNDatePickerField.m in Sources */,
				5CCD5E051AB8E67E007E94BF /* NNNumberPickerField.m in Sources */,
				5CCD5DEF1AB8E67E007E94BF /* Reachability.m in Sources */,
				5CCD5DEB1AB8E67E007E94BF /* NNKeyValueDBManager.m in Sources */,
				5CCD5DFD1AB8E67E007E94BF /* UIView+NNAdditions.m in Sources */,
				5CCD5DF51AB8E67E007E94BF /* NSString+NNAdditions.m in Sources */,
			);
			runOnlyForDeploymentPostprocessing = 0;
		};
/* End PBXSourcesBuildPhase section */

/* Begin XCBuildConfiguration section */
		5C0157CE1A4BF3B200F6ECAF /* Debug */ = {
			isa = XCBuildConfiguration;
			buildSettings = {
				COMBINE_HIDPI_IMAGES = YES;
				EXECUTABLE_PREFIX = "";
				GCC_PREPROCESSOR_DEFINITIONS = (
					"DEBUG=1",
					"$(inherited)",
				);
				IPHONEOS_DEPLOYMENT_TARGET = 8.1;
				ONLY_ACTIVE_ARCH = NO;
				OTHER_LDFLAGS = "-ObjC";
				PRODUCT_NAME = "$(TARGET_NAME)";
				SKIP_INSTALL = YES;
				SUPPORTED_PLATFORMS = "iphonesimulator iphoneos";
			};
			name = Debug;
		};
		5C0157CF1A4BF3B200F6ECAF /* Release */ = {
			isa = XCBuildConfiguration;
			buildSettings = {
				COMBINE_HIDPI_IMAGES = YES;
				EXECUTABLE_PREFIX = "";
				IPHONEOS_DEPLOYMENT_TARGET = 8.1;
				OTHER_LDFLAGS = "-ObjC";
				PRODUCT_NAME = "$(TARGET_NAME)";
				SKIP_INSTALL = YES;
				SUPPORTED_PLATFORMS = "iphonesimulator iphoneos";
			};
			name = Release;
		};
		5CE461811A4459780027FF22 /* Debug */ = {
			isa = XCBuildConfiguration;
			buildSettings = {
				ALWAYS_SEARCH_USER_PATHS = NO;
				CLANG_CXX_LANGUAGE_STANDARD = "gnu++0x";
				CLANG_CXX_LIBRARY = "libc++";
				CLANG_ENABLE_MODULES = YES;
				CLANG_ENABLE_OBJC_ARC = YES;
				CLANG_WARN_BOOL_CONVERSION = YES;
				CLANG_WARN_CONSTANT_CONVERSION = YES;
				CLANG_WARN_DIRECT_OBJC_ISA_USAGE = YES_ERROR;
				CLANG_WARN_EMPTY_BODY = YES;
				CLANG_WARN_ENUM_CONVERSION = YES;
				CLANG_WARN_INT_CONVERSION = YES;
				CLANG_WARN_OBJC_ROOT_CLASS = YES_ERROR;
				CLANG_WARN_UNREACHABLE_CODE = YES;
				CLANG_WARN__DUPLICATE_METHOD_MATCH = YES;
				COPY_PHASE_STRIP = NO;
				ENABLE_STRICT_OBJC_MSGSEND = YES;
				GCC_C_LANGUAGE_STANDARD = gnu99;
				GCC_DYNAMIC_NO_PIC = NO;
				GCC_OPTIMIZATION_LEVEL = 0;
				GCC_PREPROCESSOR_DEFINITIONS = (
					"DEBUG=1",
					"$(inherited)",
				);
				GCC_SYMBOLS_PRIVATE_EXTERN = NO;
				GCC_WARN_64_TO_32_BIT_CONVERSION = YES;
				GCC_WARN_ABOUT_RETURN_TYPE = YES_ERROR;
				GCC_WARN_UNDECLARED_SELECTOR = YES;
				GCC_WARN_UNINITIALIZED_AUTOS = YES_AGGRESSIVE;
				GCC_WARN_UNUSED_FUNCTION = YES;
				GCC_WARN_UNUSED_VARIABLE = YES;
				IPHONEOS_DEPLOYMENT_TARGET = 7.0;
				MTL_ENABLE_DEBUG_INFO = YES;
				ONLY_ACTIVE_ARCH = NO;
				PRODUCT_NAME = NNLibraries;
				SDKROOT = iphoneos;
			};
			name = Debug;
		};
		5CE461821A4459780027FF22 /* Release */ = {
			isa = XCBuildConfiguration;
			buildSettings = {
				ALWAYS_SEARCH_USER_PATHS = NO;
				CLANG_CXX_LANGUAGE_STANDARD = "gnu++0x";
				CLANG_CXX_LIBRARY = "libc++";
				CLANG_ENABLE_MODULES = YES;
				CLANG_ENABLE_OBJC_ARC = YES;
				CLANG_WARN_BOOL_CONVERSION = YES;
				CLANG_WARN_CONSTANT_CONVERSION = YES;
				CLANG_WARN_DIRECT_OBJC_ISA_USAGE = YES_ERROR;
				CLANG_WARN_EMPTY_BODY = YES;
				CLANG_WARN_ENUM_CONVERSION = YES;
				CLANG_WARN_INT_CONVERSION = YES;
				CLANG_WARN_OBJC_ROOT_CLASS = YES_ERROR;
				CLANG_WARN_UNREACHABLE_CODE = YES;
				CLANG_WARN__DUPLICATE_METHOD_MATCH = YES;
				COPY_PHASE_STRIP = YES;
				ENABLE_NS_ASSERTIONS = NO;
				ENABLE_STRICT_OBJC_MSGSEND = YES;
				GCC_C_LANGUAGE_STANDARD = gnu99;
				GCC_WARN_64_TO_32_BIT_CONVERSION = YES;
				GCC_WARN_ABOUT_RETURN_TYPE = YES_ERROR;
				GCC_WARN_UNDECLARED_SELECTOR = YES;
				GCC_WARN_UNINITIALIZED_AUTOS = YES_AGGRESSIVE;
				GCC_WARN_UNUSED_FUNCTION = YES;
				GCC_WARN_UNUSED_VARIABLE = YES;
				IPHONEOS_DEPLOYMENT_TARGET = 7.0;
				MTL_ENABLE_DEBUG_INFO = NO;
				PRODUCT_NAME = NNLibraries;
				SDKROOT = iphoneos;
				VALIDATE_PRODUCT = YES;
			};
			name = Release;
		};
/* End XCBuildConfiguration section */

/* Begin XCConfigurationList section */
		5C0157CD1A4BF3B200F6ECAF /* Build configuration list for PBXNativeTarget "NNLibraries" */ = {
			isa = XCConfigurationList;
			buildConfigurations = (
				5C0157CE1A4BF3B200F6ECAF /* Debug */,
				5C0157CF1A4BF3B200F6ECAF /* Release */,
			);
			defaultConfigurationIsVisible = 0;
			defaultConfigurationName = Release;
		};
		5CE4616A1A4459780027FF22 /* Build configuration list for PBXProject "NNLibraries" */ = {
			isa = XCConfigurationList;
			buildConfigurations = (
				5CE461811A4459780027FF22 /* Debug */,
				5CE461821A4459780027FF22 /* Release */,
			);
			defaultConfigurationIsVisible = 0;
			defaultConfigurationName = Release;
		};
/* End XCConfigurationList section */
	};
	rootObject = 5CE461671A4459780027FF22 /* Project object */;
}
